Microsoft Visual Studio Solution File, Format Version 12.00
# Visual Studio 15
Project("{2150E333-8FDC-42A3-9474-1A3956D46DE8}") = "CMakePredefinedTargets", "CMakePredefinedTargets", "{C7ABCF7F-FEBF-30AE-9CA1-E3A931400B25}"
EndProject
Project("{2150E333-8FDC-42A3-9474-1A3956D46DE8}") = "GLFW3", "GLFW3", "{BC33BEA0-B502-3C3A-A310-3EA4C669FE15}"
EndProject
Project("{2150E333-8FDC-42A3-9474-1A3956D46DE8}") = "Examples", "GLFW3\Examples", "{B51157D9-802C-39A8-9827-BB84CCD19703}"
EndProject
Project("{2150E333-8FDC-42A3-9474-1A3956D46DE8}") = "Tests", "GLFW3\Tests", "{9A771447-B7D6-30A3-AE47-1140B48D5319}"
EndProject
Project("{8BC9CEB8-8B4A-11D0-8D11-00A0C91BC942}") = "ALL_BUILD", "ALL_BUILD.vcxproj", "{09131A52-CC10-3661-8C40-3C04D03AD345}"
	ProjectSection(ProjectDependencies) = postProject
		{56EAB5AE-59C4-36FC-9647-657A4E3CC50A} = {56EAB5AE-59C4-36FC-9647-657A4E3CC50A}
		{55AC3CAF-F063-31D9-A5BB-7626693BCC58} = {55AC3CAF-F063-31D9-A5BB-7626693BCC58}
		{286686BA-0926-3E35-B669-303A7A7BB571} = {286686BA-0926-3E35-B669-303A7A7BB571}
		{A78A502B-F0F2-3001-997F-8194CFFCF70B} = {A78A502B-F0F2-3001-997F-8194CFFCF70B}
		{B08032AD-F79E-32F6-B278-8D437A3728E2} = {B08032AD-F79E-32F6-B278-8D437A3728E2}
		{DA471C74-AAD6-3C4C-B33C-D225ADDA3C20} = {DA471C74-AAD6-3C4C-B33C-D225ADDA3C20}
		{B3A85846-D850-36F3-AC4B-9488B5E3DA26} = {B3A85846-D850-36F3-AC4B-9488B5E3DA26}
		{4C83BBBB-85E6-30F1-92A1-F139BDED17A9} = {4C83BBBB-85E6-30F1-92A1-F139BDED17A9}
		{67B3229B-017A-3A0B-9049-6230219500DC} = {67B3229B-017A-3A0B-9049-6230219500DC}
		{585314AF-EDAB-3E04-A993-3189D12B8B10} = {585314AF-EDAB-3E04-A993-3189D12B8B10}
		{DD18842A-BDA1-3AD6-9867-F3F96135D57B} = {DD18842A-BDA1-3AD6-9867-F3F96135D57B}
		{CC2BDD20-F3DF-37D5-8722-90211D8EF3B8} = {CC2BDD20-F3DF-37D5-8722-90211D8EF3B8}
		{FEEE04D0-A482-3024-8815-FF3352403D51} = {FEEE04D0-A482-3024-8815-FF3352403D51}
		{523EA4AE-877C-3458-87D0-98AECE79EE4F} = {523EA4AE-877C-3458-87D0-98AECE79EE4F}
		{B78F03EF-7891-3F15-9B78-C6F7984C3B5B} = {B78F03EF-7891-3F15-9B78-C6F7984C3B5B}
		{48893C1A-53CC-3E8E-82B0-853F70D85709} = {48893C1A-53CC-3E8E-82B0-853F70D85709}
		{78FC54D0-CEAF-3149-A2DB-74967424DE41} = {78FC54D0-CEAF-3149-A2DB-74967424DE41}
		{4CBA039E-F422-3B6F-BF9E-CC0DBD42FBA1} = {4CBA039E-F422-3B6F-BF9E-CC0DBD42FBA1}
		{20E2EE32-E2C7-3C91-9DD1-B53025F92070} = {20E2EE32-E2C7-3C91-9DD1-B53025F92070}
		{056BF044-8209-3487-8C7A-527B1DFF8B7E} = {056BF044-8209-3487-8C7A-527B1DFF8B7E}
		{696F5B18-5C5F-38E2-97D4-DD56ADD10006} = {696F5B18-5C5F-38E2-97D4-DD56ADD10006}
		{443D9AC8-4BA0-32AE-B70E-48F588ABAA98} = {443D9AC8-4BA0-32AE-B70E-48F588ABAA98}
		{05A19C58-9C0B-3743-85EA-2DDE63FC7BB6} = {05A19C58-9C0B-3743-85EA-2DDE63FC7BB6}
		{AC11DDF3-1CA0-3BDA-BFEC-AFB322C196C3} = {AC11DDF3-1CA0-3BDA-BFEC-AFB322C196C3}
		{75611B18-51FB-3AC0-AAE6-F0E7A4423FD8} = {75611B18-51FB-3AC0-AAE6-F0E7A4423FD8}
		{CA73BCE7-A07A-3A2A-AD59-3167668D06ED} = {CA73BCE7-A07A-3A2A-AD59-3167668D06ED}
		{7B0DC110-ADB1-3A98-8BA0-3D702163C45D} = {7B0DC110-ADB1-3A98-8BA0-3D702163C45D}
		{4E64BA0A-A15A-3098-8D5E-07FC100C827E} = {4E64BA0A-A15A-3098-8D5E-07FC100C827E}
		{0F43EF64-E02F-3F2D-BA96-6752CF3E50A3} = {0F43EF64-E02F-3F2D-BA96-6752CF3E50A3}
		{9B1E982B-8D5D-3F26-83D2-0479F040B263} = {9B1E982B-8D5D-3F26-83D2-0479F040B263}
		{176DE21D-F694-3FF3-B540-1553091C21A5} = {176DE21D-F694-3FF3-B540-1553091C21A5}
		{54DCDB73-582E-328E-BB3B-1D5C145E4285} = {54DCDB73-582E-328E-BB3B-1D5C145E4285}
		{B7DC2EBF-9B48-31FC-8A86-66A9A341A242} = {B7DC2EBF-9B48-31FC-8A86-66A9A341A242}
		{F21013DE-D048-3DD6-B69C-FDCF946A5D55} = {F21013DE-D048-3DD6-B69C-FDCF946A5D55}
	EndProjectSection
EndProject
Project("{8BC9CEB8-8B4A-11D0-8D11-00A0C91BC942}") = "ANTTWEAKBAR_116_OGLCORE_GLFW", "external\ANTTWEAKBAR_116_OGLCORE_GLFW.vcxproj", "{56EAB5AE-59C4-36FC-9647-657A4E3CC50A}"
	ProjectSection(ProjectDependencies) = postProject
		{B3A85846-D850-36F3-AC4B-9488B5E3DA26} = {B3A85846-D850-36F3-AC4B-9488B5E3DA26}
	EndProjectSection
EndProject
Project("{8BC9CEB8-8B4A-11D0-8D11-00A0C91BC942}") = "BulletCollision", "external\bullet-2.81-rev2613\src\BulletCollision\BulletCollision.vcxproj", "{55AC3CAF-F063-31D9-A5BB-7626693BCC58}"
	ProjectSection(ProjectDependencies) = postProject
		{B3A85846-D850-36F3-AC4B-9488B5E3DA26} = {B3A85846-D850-36F3-AC4B-9488B5E3DA26}
	EndProjectSection
EndProject
Project("{8BC9CEB8-8B4A-11D0-8D11-00A0C91BC942}") = "BulletDynamics", "external\bullet-2.81-rev2613\src\BulletDynamics\BulletDynamics.vcxproj", "{286686BA-0926-3E35-B669-303A7A7BB571}"
	ProjectSection(ProjectDependencies) = postProject
		{B3A85846-D850-36F3-AC4B-9488B5E3DA26} = {B3A85846-D850-36F3-AC4B-9488B5E3DA26}
	EndProjectSection
EndProject
Project("{8BC9CEB8-8B4A-11D0-8D11-00A0C91BC942}") = "BulletSoftBody", "external\bullet-2.81-rev2613\src\BulletSoftBody\BulletSoftBody.vcxproj", "{A78A502B-F0F2-3001-997F-8194CFFCF70B}"
	ProjectSection(ProjectDependencies) = postProject
		{B3A85846-D850-36F3-AC4B-9488B5E3DA26} = {B3A85846-D850-36F3-AC4B-9488B5E3DA26}
	EndProjectSection
EndProject
Project("{8BC9CEB8-8B4A-11D0-8D11-00A0C91BC942}") = "GLEW_1130", "external\GLEW_1130.vcxproj", "{B08032AD-F79E-32F6-B278-8D437A3728E2}"
	ProjectSection(ProjectDependencies) = postProject
		{B3A85846-D850-36F3-AC4B-9488B5E3DA26} = {B3A85846-D850-36F3-AC4B-9488B5E3DA26}
	EndProjectSection
EndProject
Project("{8BC9CEB8-8B4A-11D0-8D11-00A0C91BC942}") = "INSTALL", "INSTALL.vcxproj", "{D7DE123E-C196-3BF9-8C41-0A3F2C3A7ABB}"
	ProjectSection(ProjectDependencies) = postProject
		{09131A52-CC10-3661-8C40-3C04D03AD345} = {09131A52-CC10-3661-8C40-3C04D03AD345}
		{B3A85846-D850-36F3-AC4B-9488B5E3DA26} = {B3A85846-D850-36F3-AC4B-9488B5E3DA26}
	EndProjectSection
EndProject
Project("{8BC9CEB8-8B4A-11D0-8D11-00A0C91BC942}") = "LinearMath", "external\bullet-2.81-rev2613\src\LinearMath\LinearMath.vcxproj", "{DA471C74-AAD6-3C4C-B33C-D225ADDA3C20}"
	ProjectSection(ProjectDependencies) = postProject
		{B3A85846-D850-36F3-AC4B-9488B5E3DA26} = {B3A85846-D850-36F3-AC4B-9488B5E3DA26}
	EndProjectSection
EndProject
Project("{8BC9CEB8-8B4A-11D0-8D11-00A0C91BC942}") = "ZERO_CHECK", "ZERO_CHECK.vcxproj", "{B3A85846-D850-36F3-AC4B-9488B5E3DA26}"
	ProjectSection(ProjectDependencies) = postProject
	EndProjectSection
EndProject
Project("{8BC9CEB8-8B4A-11D0-8D11-00A0C91BC942}") = "assimp", "external\assimp-3.0.1270\code\assimp.vcxproj", "{4C83BBBB-85E6-30F1-92A1-F139BDED17A9}"
	ProjectSection(ProjectDependencies) = postProject
		{B3A85846-D850-36F3-AC4B-9488B5E3DA26} = {B3A85846-D850-36F3-AC4B-9488B5E3DA26}
		{F21013DE-D048-3DD6-B69C-FDCF946A5D55} = {F21013DE-D048-3DD6-B69C-FDCF946A5D55}
	EndProjectSection
EndProject
Project("{8BC9CEB8-8B4A-11D0-8D11-00A0C91BC942}") = "boing", "external\glfw-3.1.2\examples\boing.vcxproj", "{67B3229B-017A-3A0B-9049-6230219500DC}"
	ProjectSection(ProjectDependencies) = postProject
		{B3A85846-D850-36F3-AC4B-9488B5E3DA26} = {B3A85846-D850-36F3-AC4B-9488B5E3DA26}
		{48893C1A-53CC-3E8E-82B0-853F70D85709} = {48893C1A-53CC-3E8E-82B0-853F70D85709}
	EndProjectSection
EndProject
Project("{8BC9CEB8-8B4A-11D0-8D11-00A0C91BC942}") = "clipboard", "external\glfw-3.1.2\tests\clipboard.vcxproj", "{585314AF-EDAB-3E04-A993-3189D12B8B10}"
	ProjectSection(ProjectDependencies) = postProject
		{B3A85846-D850-36F3-AC4B-9488B5E3DA26} = {B3A85846-D850-36F3-AC4B-9488B5E3DA26}
		{48893C1A-53CC-3E8E-82B0-853F70D85709} = {48893C1A-53CC-3E8E-82B0-853F70D85709}
	EndProjectSection
EndProject
Project("{8BC9CEB8-8B4A-11D0-8D11-00A0C91BC942}") = "cursor", "external\glfw-3.1.2\tests\cursor.vcxproj", "{DD18842A-BDA1-3AD6-9867-F3F96135D57B}"
	ProjectSection(ProjectDependencies) = postProject
		{B3A85846-D850-36F3-AC4B-9488B5E3DA26} = {B3A85846-D850-36F3-AC4B-9488B5E3DA26}
		{48893C1A-53CC-3E8E-82B0-853F70D85709} = {48893C1A-53CC-3E8E-82B0-853F70D85709}
	EndProjectSection
EndProject
Project("{8BC9CEB8-8B4A-11D0-8D11-00A0C91BC942}") = "empty", "external\glfw-3.1.2\tests\empty.vcxproj", "{CC2BDD20-F3DF-37D5-8722-90211D8EF3B8}"
	ProjectSection(ProjectDependencies) = postProject
		{B3A85846-D850-36F3-AC4B-9488B5E3DA26} = {B3A85846-D850-36F3-AC4B-9488B5E3DA26}
		{48893C1A-53CC-3E8E-82B0-853F70D85709} = {48893C1A-53CC-3E8E-82B0-853F70D85709}
	EndProjectSection
EndProject
Project("{8BC9CEB8-8B4A-11D0-8D11-00A0C91BC942}") = "events", "external\glfw-3.1.2\tests\events.vcxproj", "{FEEE04D0-A482-3024-8815-FF3352403D51}"
	ProjectSection(ProjectDependencies) = postProject
		{B3A85846-D850-36F3-AC4B-9488B5E3DA26} = {B3A85846-D850-36F3-AC4B-9488B5E3DA26}
		{48893C1A-53CC-3E8E-82B0-853F70D85709} = {48893C1A-53CC-3E8E-82B0-853F70D85709}
	EndProjectSection
EndProject
Project("{8BC9CEB8-8B4A-11D0-8D11-00A0C91BC942}") = "gamma", "external\glfw-3.1.2\tests\gamma.vcxproj", "{523EA4AE-877C-3458-87D0-98AECE79EE4F}"
	ProjectSection(ProjectDependencies) = postProject
		{B3A85846-D850-36F3-AC4B-9488B5E3DA26} = {B3A85846-D850-36F3-AC4B-9488B5E3DA26}
		{48893C1A-53CC-3E8E-82B0-853F70D85709} = {48893C1A-53CC-3E8E-82B0-853F70D85709}
	EndProjectSection
EndProject
Project("{8BC9CEB8-8B4A-11D0-8D11-00A0C91BC942}") = "gears", "external\glfw-3.1.2\examples\gears.vcxproj", "{B78F03EF-7891-3F15-9B78-C6F7984C3B5B}"
	ProjectSection(ProjectDependencies) = postProject
		{B3A85846-D850-36F3-AC4B-9488B5E3DA26} = {B3A85846-D850-36F3-AC4B-9488B5E3DA26}
		{48893C1A-53CC-3E8E-82B0-853F70D85709} = {48893C1A-53CC-3E8E-82B0-853F70D85709}
	EndProjectSection
EndProject
Project("{8BC9CEB8-8B4A-11D0-8D11-00A0C91BC942}") = "glfw", "external\glfw-3.1.2\src\glfw.vcxproj", "{48893C1A-53CC-3E8E-82B0-853F70D85709}"
	ProjectSection(ProjectDependencies) = postProject
		{B3A85846-D850-36F3-AC4B-9488B5E3DA26} = {B3A85846-D850-36F3-AC4B-9488B5E3DA26}
	EndProjectSection
EndProject
Project("{8BC9CEB8-8B4A-11D0-8D11-00A0C91BC942}") = "glfwinfo", "external\glfw-3.1.2\tests\glfwinfo.vcxproj", "{78FC54D0-CEAF-3149-A2DB-74967424DE41}"
	ProjectSection(ProjectDependencies) = postProject
		{B3A85846-D850-36F3-AC4B-9488B5E3DA26} = {B3A85846-D850-36F3-AC4B-9488B5E3DA26}
		{48893C1A-53CC-3E8E-82B0-853F70D85709} = {48893C1A-53CC-3E8E-82B0-853F70D85709}
	EndProjectSection
EndProject
Project("{8BC9CEB8-8B4A-11D0-8D11-00A0C91BC942}") = "heightmap", "external\glfw-3.1.2\examples\heightmap.vcxproj", "{4CBA039E-F422-3B6F-BF9E-CC0DBD42FBA1}"
	ProjectSection(ProjectDependencies) = postProject
		{B3A85846-D850-36F3-AC4B-9488B5E3DA26} = {B3A85846-D850-36F3-AC4B-9488B5E3DA26}
		{48893C1A-53CC-3E8E-82B0-853F70D85709} = {48893C1A-53CC-3E8E-82B0-853F70D85709}
	EndProjectSection
EndProject
Project("{8BC9CEB8-8B4A-11D0-8D11-00A0C91BC942}") = "iconify", "external\glfw-3.1.2\tests\iconify.vcxproj", "{20E2EE32-E2C7-3C91-9DD1-B53025F92070}"
	ProjectSection(ProjectDependencies) = postProject
		{B3A85846-D850-36F3-AC4B-9488B5E3DA26} = {B3A85846-D850-36F3-AC4B-9488B5E3DA26}
		{48893C1A-53CC-3E8E-82B0-853F70D85709} = {48893C1A-53CC-3E8E-82B0-853F70D85709}
	EndProjectSection
EndProject
Project("{8BC9CEB8-8B4A-11D0-8D11-00A0C91BC942}") = "joysticks", "external\glfw-3.1.2\tests\joysticks.vcxproj", "{056BF044-8209-3487-8C7A-527B1DFF8B7E}"
	ProjectSection(ProjectDependencies) = postProject
		{B3A85846-D850-36F3-AC4B-9488B5E3DA26} = {B3A85846-D850-36F3-AC4B-9488B5E3DA26}
		{48893C1A-53CC-3E8E-82B0-853F70D85709} = {48893C1A-53CC-3E8E-82B0-853F70D85709}
	EndProjectSection
EndProject
Project("{8BC9CEB8-8B4A-11D0-8D11-00A0C91BC942}") = "monitors", "external\glfw-3.1.2\tests\monitors.vcxproj", "{696F5B18-5C5F-38E2-97D4-DD56ADD10006}"
	ProjectSection(ProjectDependencies) = postProject
		{B3A85846-D850-36F3-AC4B-9488B5E3DA26} = {B3A85846-D850-36F3-AC4B-9488B5E3DA26}
		{48893C1A-53CC-3E8E-82B0-853F70D85709} = {48893C1A-53CC-3E8E-82B0-853F70D85709}
	EndProjectSection
EndProject
Project("{8BC9CEB8-8B4A-11D0-8D11-00A0C91BC942}") = "msaa", "external\glfw-3.1.2\tests\msaa.vcxproj", "{443D9AC8-4BA0-32AE-B70E-48F588ABAA98}"
	ProjectSection(ProjectDependencies) = postProject
		{B3A85846-D850-36F3-AC4B-9488B5E3DA26} = {B3A85846-D850-36F3-AC4B-9488B5E3DA26}
		{48893C1A-53CC-3E8E-82B0-853F70D85709} = {48893C1A-53CC-3E8E-82B0-853F70D85709}
	EndProjectSection
EndProject
Project("{8BC9CEB8-8B4A-11D0-8D11-00A0C91BC942}") = "particles", "external\glfw-3.1.2\examples\particles.vcxproj", "{05A19C58-9C0B-3743-85EA-2DDE63FC7BB6}"
	ProjectSection(ProjectDependencies) = postProject
		{B3A85846-D850-36F3-AC4B-9488B5E3DA26} = {B3A85846-D850-36F3-AC4B-9488B5E3DA26}
		{48893C1A-53CC-3E8E-82B0-853F70D85709} = {48893C1A-53CC-3E8E-82B0-853F70D85709}
	EndProjectSection
EndProject
Project("{8BC9CEB8-8B4A-11D0-8D11-00A0C91BC942}") = "reopen", "external\glfw-3.1.2\tests\reopen.vcxproj", "{AC11DDF3-1CA0-3BDA-BFEC-AFB322C196C3}"
	ProjectSection(ProjectDependencies) = postProject
		{B3A85846-D850-36F3-AC4B-9488B5E3DA26} = {B3A85846-D850-36F3-AC4B-9488B5E3DA26}
		{48893C1A-53CC-3E8E-82B0-853F70D85709} = {48893C1A-53CC-3E8E-82B0-853F70D85709}
	EndProjectSection
EndProject
Project("{8BC9CEB8-8B4A-11D0-8D11-00A0C91BC942}") = "sharing", "external\glfw-3.1.2\tests\sharing.vcxproj", "{75611B18-51FB-3AC0-AAE6-F0E7A4423FD8}"
	ProjectSection(ProjectDependencies) = postProject
		{B3A85846-D850-36F3-AC4B-9488B5E3DA26} = {B3A85846-D850-36F3-AC4B-9488B5E3DA26}
		{48893C1A-53CC-3E8E-82B0-853F70D85709} = {48893C1A-53CC-3E8E-82B0-853F70D85709}
	EndProjectSection
EndProject
Project("{8BC9CEB8-8B4A-11D0-8D11-00A0C91BC942}") = "simple", "external\glfw-3.1.2\examples\simple.vcxproj", "{CA73BCE7-A07A-3A2A-AD59-3167668D06ED}"
	ProjectSection(ProjectDependencies) = postProject
		{B3A85846-D850-36F3-AC4B-9488B5E3DA26} = {B3A85846-D850-36F3-AC4B-9488B5E3DA26}
		{48893C1A-53CC-3E8E-82B0-853F70D85709} = {48893C1A-53CC-3E8E-82B0-853F70D85709}
	EndProjectSection
EndProject
Project("{8BC9CEB8-8B4A-11D0-8D11-00A0C91BC942}") = "snake", "snake.vcxproj", "{7B0DC110-ADB1-3A98-8BA0-3D702163C45D}"
	ProjectSection(ProjectDependencies) = postProject
		{B08032AD-F79E-32F6-B278-8D437A3728E2} = {B08032AD-F79E-32F6-B278-8D437A3728E2}
		{B3A85846-D850-36F3-AC4B-9488B5E3DA26} = {B3A85846-D850-36F3-AC4B-9488B5E3DA26}
		{48893C1A-53CC-3E8E-82B0-853F70D85709} = {48893C1A-53CC-3E8E-82B0-853F70D85709}
	EndProjectSection
EndProject
Project("{8BC9CEB8-8B4A-11D0-8D11-00A0C91BC942}") = "splitview", "external\glfw-3.1.2\examples\splitview.vcxproj", "{4E64BA0A-A15A-3098-8D5E-07FC100C827E}"
	ProjectSection(ProjectDependencies) = postProject
		{B3A85846-D850-36F3-AC4B-9488B5E3DA26} = {B3A85846-D850-36F3-AC4B-9488B5E3DA26}
		{48893C1A-53CC-3E8E-82B0-853F70D85709} = {48893C1A-53CC-3E8E-82B0-853F70D85709}
	EndProjectSection
EndProject
Project("{8BC9CEB8-8B4A-11D0-8D11-00A0C91BC942}") = "tearing", "external\glfw-3.1.2\tests\tearing.vcxproj", "{0F43EF64-E02F-3F2D-BA96-6752CF3E50A3}"
	ProjectSection(ProjectDependencies) = postProject
		{B3A85846-D850-36F3-AC4B-9488B5E3DA26} = {B3A85846-D850-36F3-AC4B-9488B5E3DA26}
		{48893C1A-53CC-3E8E-82B0-853F70D85709} = {48893C1A-53CC-3E8E-82B0-853F70D85709}
	EndProjectSection
EndProject
Project("{8BC9CEB8-8B4A-11D0-8D11-00A0C91BC942}") = "threads", "external\glfw-3.1.2\tests\threads.vcxproj", "{9B1E982B-8D5D-3F26-83D2-0479F040B263}"
	ProjectSection(ProjectDependencies) = postProject
		{B3A85846-D850-36F3-AC4B-9488B5E3DA26} = {B3A85846-D850-36F3-AC4B-9488B5E3DA26}
		{48893C1A-53CC-3E8E-82B0-853F70D85709} = {48893C1A-53CC-3E8E-82B0-853F70D85709}
	EndProjectSection
EndProject
Project("{8BC9CEB8-8B4A-11D0-8D11-00A0C91BC942}") = "title", "external\glfw-3.1.2\tests\title.vcxproj", "{176DE21D-F694-3FF3-B540-1553091C21A5}"
	ProjectSection(ProjectDependencies) = postProject
		{B3A85846-D850-36F3-AC4B-9488B5E3DA26} = {B3A85846-D850-36F3-AC4B-9488B5E3DA26}
		{48893C1A-53CC-3E8E-82B0-853F70D85709} = {48893C1A-53CC-3E8E-82B0-853F70D85709}
	EndProjectSection
EndProject
Project("{8BC9CEB8-8B4A-11D0-8D11-00A0C91BC942}") = "uninstall", "external\glfw-3.1.2\uninstall.vcxproj", "{B2A2B938-0C94-31E7-A7E6-1B69BA96F5C7}"
	ProjectSection(ProjectDependencies) = postProject
		{B3A85846-D850-36F3-AC4B-9488B5E3DA26} = {B3A85846-D850-36F3-AC4B-9488B5E3DA26}
	EndProjectSection
EndProject
Project("{8BC9CEB8-8B4A-11D0-8D11-00A0C91BC942}") = "wave", "external\glfw-3.1.2\examples\wave.vcxproj", "{54DCDB73-582E-328E-BB3B-1D5C145E4285}"
	ProjectSection(ProjectDependencies) = postProject
		{B3A85846-D850-36F3-AC4B-9488B5E3DA26} = {B3A85846-D850-36F3-AC4B-9488B5E3DA26}
		{48893C1A-53CC-3E8E-82B0-853F70D85709} = {48893C1A-53CC-3E8E-82B0-853F70D85709}
	EndProjectSection
EndProject
Project("{8BC9CEB8-8B4A-11D0-8D11-00A0C91BC942}") = "windows", "external\glfw-3.1.2\tests\windows.vcxproj", "{B7DC2EBF-9B48-31FC-8A86-66A9A341A242}"
	ProjectSection(ProjectDependencies) = postProject
		{B3A85846-D850-36F3-AC4B-9488B5E3DA26} = {B3A85846-D850-36F3-AC4B-9488B5E3DA26}
		{48893C1A-53CC-3E8E-82B0-853F70D85709} = {48893C1A-53CC-3E8E-82B0-853F70D85709}
	EndProjectSection
EndProject
Project("{8BC9CEB8-8B4A-11D0-8D11-00A0C91BC942}") = "zlib", "external\assimp-3.0.1270\contrib\zlib\zlib.vcxproj", "{F21013DE-D048-3DD6-B69C-FDCF946A5D55}"
	ProjectSection(ProjectDependencies) = postProject
		{B3A85846-D850-36F3-AC4B-9488B5E3DA26} = {B3A85846-D850-36F3-AC4B-9488B5E3DA26}
	EndProjectSection
EndProject
Global
	GlobalSection(SolutionConfigurationPlatforms) = preSolution
		Debug|Win32 = Debug|Win32
		Release|Win32 = Release|Win32
		MinSizeRel|Win32 = MinSizeRel|Win32
		RelWithDebInfo|Win32 = RelWithDebInfo|Win32
	EndGlobalSection
	GlobalSection(ProjectConfigurationPlatforms) = postSolution
		{09131A52-CC10-3661-8C40-3C04D03AD345}.Debug|Win32.ActiveCfg = Debug|Win32
		{09131A52-CC10-3661-8C40-3C04D03AD345}.Debug|Win32.Build.0 = Debug|Win32
		{09131A52-CC10-3661-8C40-3C04D03AD345}.Release|Win32.ActiveCfg = Release|Win32
		{09131A52-CC10-3661-8C40-3C04D03AD345}.Release|Win32.Build.0 = Release|Win32
		{09131A52-CC10-3661-8C40-3C04D03AD345}.MinSizeRel|Win32.ActiveCfg = MinSizeRel|Win32
		{09131A52-CC10-3661-8C40-3C04D03AD345}.MinSizeRel|Win32.Build.0 = MinSizeRel|Win32
		{09131A52-CC10-3661-8C40-3C04D03AD345}.RelWithDebInfo|Win32.ActiveCfg = RelWithDebInfo|Win32
		{09131A52-CC10-3661-8C40-3C04D03AD345}.RelWithDebInfo|Win32.Build.0 = RelWithDebInfo|Win32
		{56EAB5AE-59C4-36FC-9647-657A4E3CC50A}.Debug|Win32.ActiveCfg = Debug|Win32
		{56EAB5AE-59C4-36FC-9647-657A4E3CC50A}.Debug|Win32.Build.0 = Debug|Win32
		{56EAB5AE-59C4-36FC-9647-657A4E3CC50A}.Release|Win32.ActiveCfg = Release|Win32
		{56EAB5AE-59C4-36FC-9647-657A4E3CC50A}.Release|Win32.Build.0 = Release|Win32
		{56EAB5AE-59C4-36FC-9647-657A4E3CC50A}.MinSizeRel|Win32.ActiveCfg = MinSizeRel|Win32
		{56EAB5AE-59C4-36FC-9647-657A4E3CC50A}.MinSizeRel|Win32.Build.0 = MinSizeRel|Win32
		{56EAB5AE-59C4-36FC-9647-657A4E3CC50A}.RelWithDebInfo|Win32.ActiveCfg = RelWithDebInfo|Win32
		{56EAB5AE-59C4-36FC-9647-657A4E3CC50A}.RelWithDebInfo|Win32.Build.0 = RelWithDebInfo|Win32
		{55AC3CAF-F063-31D9-A5BB-7626693BCC58}.Debug|Win32.ActiveCfg = Debug|Win32
		{55AC3CAF-F063-31D9-A5BB-7626693BCC58}.Debug|Win32.Build.0 = Debug|Win32
		{55AC3CAF-F063-31D9-A5BB-7626693BCC58}.Release|Win32.ActiveCfg = Release|Win32
		{55AC3CAF-F063-31D9-A5BB-7626693BCC58}.Release|Win32.Build.0 = Release|Win32
		{55AC3CAF-F063-31D9-A5BB-7626693BCC58}.MinSizeRel|Win32.ActiveCfg = MinSizeRel|Win32
		{55AC3CAF-F063-31D9-A5BB-7626693BCC58}.MinSizeRel|Win32.Build.0 = MinSizeRel|Win32
		{55AC3CAF-F063-31D9-A5BB-7626693BCC58}.RelWithDebInfo|Win32.ActiveCfg = RelWithDebInfo|Win32
		{55AC3CAF-F063-31D9-A5BB-7626693BCC58}.RelWithDebInfo|Win32.Build.0 = RelWithDebInfo|Win32
		{286686BA-0926-3E35-B669-303A7A7BB571}.Debug|Win32.ActiveCfg = Debug|Win32
		{286686BA-0926-3E35-B669-303A7A7BB571}.Debug|Win32.Build.0 = Debug|Win32
		{286686BA-0926-3E35-B669-303A7A7BB571}.Release|Win32.ActiveCfg = Release|Win32
		{286686BA-0926-3E35-B669-303A7A7BB571}.Release|Win32.Build.0 = Release|Win32
		{286686BA-0926-3E35-B669-303A7A7BB571}.MinSizeRel|Win32.ActiveCfg = MinSizeRel|Win32
		{286686BA-0926-3E35-B669-303A7A7BB571}.MinSizeRel|Win32.Build.0 = MinSizeRel|Win32
		{286686BA-0926-3E35-B669-303A7A7BB571}.RelWithDebInfo|Win32.ActiveCfg = RelWithDebInfo|Win32
		{286686BA-0926-3E35-B669-303A7A7BB571}.RelWithDebInfo|Win32.Build.0 = RelWithDebInfo|Win32
		{A78A502B-F0F2-3001-997F-8194CFFCF70B}.Debug|Win32.ActiveCfg = Debug|Win32
		{A78A502B-F0F2-3001-997F-8194CFFCF70B}.Debug|Win32.Build.0 = Debug|Win32
		{A78A502B-F0F2-3001-997F-8194CFFCF70B}.Release|Win32.ActiveCfg = Release|Win32
		{A78A502B-F0F2-3001-997F-8194CFFCF70B}.Release|Win32.Build.0 = Release|Win32
		{A78A502B-F0F2-3001-997F-8194CFFCF70B}.MinSizeRel|Win32.ActiveCfg = MinSizeRel|Win32
		{A78A502B-F0F2-3001-997F-8194CFFCF70B}.MinSizeRel|Win32.Build.0 = MinSizeRel|Win32
		{A78A502B-F0F2-3001-997F-8194CFFCF70B}.RelWithDebInfo|Win32.ActiveCfg = RelWithDebInfo|Win32
		{A78A502B-F0F2-3001-997F-8194CFFCF70B}.RelWithDebInfo|Win32.Build.0 = RelWithDebInfo|Win32
		{B08032AD-F79E-32F6-B278-8D437A3728E2}.Debug|Win32.ActiveCfg = Debug|Win32
		{B08032AD-F79E-32F6-B278-8D437A3728E2}.Debug|Win32.Build.0 = Debug|Win32
		{B08032AD-F79E-32F6-B278-8D437A3728E2}.Release|Win32.ActiveCfg = Release|Win32
		{B08032AD-F79E-32F6-B278-8D437A3728E2}.Release|Win32.Build.0 = Release|Win32
		{B08032AD-F79E-32F6-B278-8D437A3728E2}.MinSizeRel|Win32.ActiveCfg = MinSizeRel|Win32
		{B08032AD-F79E-32F6-B278-8D437A3728E2}.MinSizeRel|Win32.Build.0 = MinSizeRel|Win32
		{B08032AD-F79E-32F6-B278-8D437A3728E2}.RelWithDebInfo|Win32.ActiveCfg = RelWithDebInfo|Win32
		{B08032AD-F79E-32F6-B278-8D437A3728E2}.RelWithDebInfo|Win32.Build.0 = RelWithDebInfo|Win32
		{D7DE123E-C196-3BF9-8C41-0A3F2C3A7ABB}.Debug|Win32.ActiveCfg = Debug|Win32
		{D7DE123E-C196-3BF9-8C41-0A3F2C3A7ABB}.Release|Win32.ActiveCfg = Release|Win32
		{D7DE123E-C196-3BF9-8C41-0A3F2C3A7ABB}.MinSizeRel|Win32.ActiveCfg = MinSizeRel|Win32
		{D7DE123E-C196-3BF9-8C41-0A3F2C3A7ABB}.RelWithDebInfo|Win32.ActiveCfg = RelWithDebInfo|Win32
		{DA471C74-AAD6-3C4C-B33C-D225ADDA3C20}.Debug|Win32.ActiveCfg = Debug|Win32
		{DA471C74-AAD6-3C4C-B33C-D225ADDA3C20}.Debug|Win32.Build.0 = Debug|Win32
		{DA471C74-AAD6-3C4C-B33C-D225ADDA3C20}.Release|Win32.ActiveCfg = Release|Win32
		{DA471C74-AAD6-3C4C-B33C-D225ADDA3C20}.Release|Win32.Build.0 = Release|Win32
		{DA471C74-AAD6-3C4C-B33C-D225ADDA3C20}.MinSizeRel|Win32.ActiveCfg = MinSizeRel|Win32
		{DA471C74-AAD6-3C4C-B33C-D225ADDA3C20}.MinSizeRel|Win32.Build.0 = MinSizeRel|Win32
		{DA471C74-AAD6-3C4C-B33C-D225ADDA3C20}.RelWithDebInfo|Win32.ActiveCfg = RelWithDebInfo|Win32
		{DA471C74-AAD6-3C4C-B33C-D225ADDA3C20}.RelWithDebInfo|Win32.Build.0 = RelWithDebInfo|Win32
		{B3A85846-D850-36F3-AC4B-9488B5E3DA26}.Debug|Win32.ActiveCfg = Debug|Win32
		{B3A85846-D850-36F3-AC4B-9488B5E3DA26}.Debug|Win32.Build.0 = Debug|Win32
		{B3A85846-D850-36F3-AC4B-9488B5E3DA26}.Release|Win32.ActiveCfg = Release|Win32
		{B3A85846-D850-36F3-AC4B-9488B5E3DA26}.Release|Win32.Build.0 = Release|Win32
		{B3A85846-D850-36F3-AC4B-9488B5E3DA26}.MinSizeRel|Win32.ActiveCfg = MinSizeRel|Win32
		{B3A85846-D850-36F3-AC4B-9488B5E3DA26}.MinSizeRel|Win32.Build.0 = MinSizeRel|Win32
		{B3A85846-D850-36F3-AC4B-9488B5E3DA26}.RelWithDebInfo|Win32.ActiveCfg = RelWithDebInfo|Win32
		{B3A85846-D850-36F3-AC4B-9488B5E3DA26}.RelWithDebInfo|Win32.Build.0 = RelWithDebInfo|Win32
		{4C83BBBB-85E6-30F1-92A1-F139BDED17A9}.Debug|Win32.ActiveCfg = Debug|Win32
		{4C83BBBB-85E6-30F1-92A1-F139BDED17A9}.Debug|Win32.Build.0 = Debug|Win32
		{4C83BBBB-85E6-30F1-92A1-F139BDED17A9}.Release|Win32.ActiveCfg = Release|Win32
		{4C83BBBB-85E6-30F1-92A1-F139BDED17A9}.Release|Win32.Build.0 = Release|Win32
		{4C83BBBB-85E6-30F1-92A1-F139BDED17A9}.MinSizeRel|Win32.ActiveCfg = MinSizeRel|Win32
		{4C83BBBB-85E6-30F1-92A1-F139BDED17A9}.MinSizeRel|Win32.Build.0 = MinSizeRel|Win32
		{4C83BBBB-85E6-30F1-92A1-F139BDED17A9}.RelWithDebInfo|Win32.ActiveCfg = RelWithDebInfo|Win32
		{4C83BBBB-85E6-30F1-92A1-F139BDED17A9}.RelWithDebInfo|Win32.Build.0 = RelWithDebInfo|Win32
		{67B3229B-017A-3A0B-9049-6230219500DC}.Debug|Win32.ActiveCfg = Debug|Win32
		{67B3229B-017A-3A0B-9049-6230219500DC}.Debug|Win32.Build.0 = Debug|Win32
		{67B3229B-017A-3A0B-9049-6230219500DC}.Release|Win32.ActiveCfg = Release|Win32
		{67B3229B-017A-3A0B-9049-6230219500DC}.Release|Win32.Build.0 = Release|Win32
		{67B3229B-017A-3A0B-9049-6230219500DC}.MinSizeRel|Win32.ActiveCfg = MinSizeRel|Win32
		{67B3229B-017A-3A0B-9049-6230219500DC}.MinSizeRel|Win32.Build.0 = MinSizeRel|Win32
		{67B3229B-017A-3A0B-9049-6230219500DC}.RelWithDebInfo|Win32.ActiveCfg = RelWithDebInfo|Win32
		{67B3229B-017A-3A0B-9049-6230219500DC}.RelWithDebInfo|Win32.Build.0 = RelWithDebInfo|Win32
		{585314AF-EDAB-3E04-A993-3189D12B8B10}.Debug|Win32.ActiveCfg = Debug|Win32
		{585314AF-EDAB-3E04-A993-3189D12B8B10}.Debug|Win32.Build.0 = Debug|Win32
		{585314AF-EDAB-3E04-A993-3189D12B8B10}.Release|Win32.ActiveCfg = Release|Win32
		{585314AF-EDAB-3E04-A993-3189D12B8B10}.Release|Win32.Build.0 = Release|Win32
		{585314AF-EDAB-3E04-A993-3189D12B8B10}.MinSizeRel|Win32.ActiveCfg = MinSizeRel|Win32
		{585314AF-EDAB-3E04-A993-3189D12B8B10}.MinSizeRel|Win32.Build.0 = MinSizeRel|Win32
		{585314AF-EDAB-3E04-A993-3189D12B8B10}.RelWithDebInfo|Win32.ActiveCfg = RelWithDebInfo|Win32
		{585314AF-EDAB-3E04-A993-3189D12B8B10}.RelWithDebInfo|Win32.Build.0 = RelWithDebInfo|Win32
		{DD18842A-BDA1-3AD6-9867-F3F96135D57B}.Debug|Win32.ActiveCfg = Debug|Win32
		{DD18842A-BDA1-3AD6-9867-F3F96135D57B}.Debug|Win32.Build.0 = Debug|Win32
		{DD18842A-BDA1-3AD6-9867-F3F96135D57B}.Release|Win32.ActiveCfg = Release|Win32
		{DD18842A-BDA1-3AD6-9867-F3F96135D57B}.Release|Win32.Build.0 = Release|Win32
		{DD18842A-BDA1-3AD6-9867-F3F96135D57B}.MinSizeRel|Win32.ActiveCfg = MinSizeRel|Win32
		{DD18842A-BDA1-3AD6-9867-F3F96135D57B}.MinSizeRel|Win32.Build.0 = MinSizeRel|Win32
		{DD18842A-BDA1-3AD6-9867-F3F96135D57B}.RelWithDebInfo|Win32.ActiveCfg = RelWithDebInfo|Win32
		{DD18842A-BDA1-3AD6-9867-F3F96135D57B}.RelWithDebInfo|Win32.Build.0 = RelWithDebInfo|Win32
		{CC2BDD20-F3DF-37D5-8722-90211D8EF3B8}.Debug|Win32.ActiveCfg = Debug|Win32
		{CC2BDD20-F3DF-37D5-8722-90211D8EF3B8}.Debug|Win32.Build.0 = Debug|Win32
		{CC2BDD20-F3DF-37D5-8722-90211D8EF3B8}.Release|Win32.ActiveCfg = Release|Win32
		{CC2BDD20-F3DF-37D5-8722-90211D8EF3B8}.Release|Win32.Build.0 = Release|Win32
		{CC2BDD20-F3DF-37D5-8722-90211D8EF3B8}.MinSizeRel|Win32.ActiveCfg = MinSizeRel|Win32
		{CC2BDD20-F3DF-37D5-8722-90211D8EF3B8}.MinSizeRel|Win32.Build.0 = MinSizeRel|Win32
		{CC2BDD20-F3DF-37D5-8722-90211D8EF3B8}.RelWithDebInfo|Win32.ActiveCfg = RelWithDebInfo|Win32
		{CC2BDD20-F3DF-37D5-8722-90211D8EF3B8}.RelWithDebInfo|Win32.Build.0 = RelWithDebInfo|Win32
		{FEEE04D0-A482-3024-8815-FF3352403D51}.Debug|Win32.ActiveCfg = Debug|Win32
		{FEEE04D0-A482-3024-8815-FF3352403D51}.Debug|Win32.Build.0 = Debug|Win32
		{FEEE04D0-A482-3024-8815-FF3352403D51}.Release|Win32.ActiveCfg = Release|Win32
		{FEEE04D0-A482-3024-8815-FF3352403D51}.Release|Win32.Build.0 = Release|Win32
		{FEEE04D0-A482-3024-8815-FF3352403D51}.MinSizeRel|Win32.ActiveCfg = MinSizeRel|Win32
		{FEEE04D0-A482-3024-8815-FF3352403D51}.MinSizeRel|Win32.Build.0 = MinSizeRel|Win32
		{FEEE04D0-A482-3024-8815-FF3352403D51}.RelWithDebInfo|Win32.ActiveCfg = RelWithDebInfo|Win32
		{FEEE04D0-A482-3024-8815-FF3352403D51}.RelWithDebInfo|Win32.Build.0 = RelWithDebInfo|Win32
		{523EA4AE-877C-3458-87D0-98AECE79EE4F}.Debug|Win32.ActiveCfg = Debug|Win32
		{523EA4AE-877C-3458-87D0-98AECE79EE4F}.Debug|Win32.Build.0 = Debug|Win32
		{523EA4AE-877C-3458-87D0-98AECE79EE4F}.Release|Win32.ActiveCfg = Release|Win32
		{523EA4AE-877C-3458-87D0-98AECE79EE4F}.Release|Win32.Build.0 = Release|Win32
		{523EA4AE-877C-3458-87D0-98AECE79EE4F}.MinSizeRel|Win32.ActiveCfg = MinSizeRel|Win32
		{523EA4AE-877C-3458-87D0-98AECE79EE4F}.MinSizeRel|Win32.Build.0 = MinSizeRel|Win32
		{523EA4AE-877C-3458-87D0-98AECE79EE4F}.RelWithDebInfo|Win32.ActiveCfg = RelWithDebInfo|Win32
		{523EA4AE-877C-3458-87D0-98AECE79EE4F}.RelWithDebInfo|Win32.Build.0 = RelWithDebInfo|Win32
		{B78F03EF-7891-3F15-9B78-C6F7984C3B5B}.Debug|Win32.ActiveCfg = Debug|Win32
		{B78F03EF-7891-3F15-9B78-C6F7984C3B5B}.Debug|Win32.Build.0 = Debug|Win32
		{B78F03EF-7891-3F15-9B78-C6F7984C3B5B}.Release|Win32.ActiveCfg = Release|Win32
		{B78F03EF-7891-3F15-9B78-C6F7984C3B5B}.Release|Win32.Build.0 = Release|Win32
		{B78F03EF-7891-3F15-9B78-C6F7984C3B5B}.MinSizeRel|Win32.ActiveCfg = MinSizeRel|Win32
		{B78F03EF-7891-3F15-9B78-C6F7984C3B5B}.MinSizeRel|Win32.Build.0 = MinSizeRel|Win32
		{B78F03EF-7891-3F15-9B78-C6F7984C3B5B}.RelWithDebInfo|Win32.ActiveCfg = RelWithDebInfo|Win32
		{B78F03EF-7891-3F15-9B78-C6F7984C3B5B}.RelWithDebInfo|Win32.Build.0 = RelWithDebInfo|Win32
		{48893C1A-53CC-3E8E-82B0-853F70D85709}.Debug|Win32.ActiveCfg = Debug|Win32
		{48893C1A-53CC-3E8E-82B0-853F70D85709}.Debug|Win32.Build.0 = Debug|Win32
		{48893C1A-53CC-3E8E-82B0-853F70D85709}.Release|Win32.ActiveCfg = Release|Win32
		{48893C1A-53CC-3E8E-82B0-853F70D85709}.Release|Win32.Build.0 = Release|Win32
		{48893C1A-53CC-3E8E-82B0-853F70D85709}.MinSizeRel|Win32.ActiveCfg = MinSizeRel|Win32
		{48893C1A-53CC-3E8E-82B0-853F70D85709}.MinSizeRel|Win32.Build.0 = MinSizeRel|Win32
		{48893C1A-53CC-3E8E-82B0-853F70D85709}.RelWithDebInfo|Win32.ActiveCfg = RelWithDebInfo|Win32
		{48893C1A-53CC-3E8E-82B0-853F70D85709}.RelWithDebInfo|Win32.Build.0 = RelWithDebInfo|Win32
		{78FC54D0-CEAF-3149-A2DB-74967424DE41}.Debug|Win32.ActiveCfg = Debug|Win32
		{78FC54D0-CEAF-3149-A2DB-74967424DE41}.Debug|Win32.Build.0 = Debug|Win32
		{78FC54D0-CEAF-3149-A2DB-74967424DE41}.Release|Win32.ActiveCfg = Release|Win32
		{78FC54D0-CEAF-3149-A2DB-74967424DE41}.Release|Win32.Build.0 = Release|Win32
		{78FC54D0-CEAF-3149-A2DB-74967424DE41}.MinSizeRel|Win32.ActiveCfg = MinSizeRel|Win32
		{78FC54D0-CEAF-3149-A2DB-74967424DE41}.MinSizeRel|Win32.Build.0 = MinSizeRel|Win32
		{78FC54D0-CEAF-3149-A2DB-74967424DE41}.RelWithDebInfo|Win32.ActiveCfg = RelWithDebInfo|Win32
		{78FC54D0-CEAF-3149-A2DB-74967424DE41}.RelWithDebInfo|Win32.Build.0 = RelWithDebInfo|Win32
		{4CBA039E-F422-3B6F-BF9E-CC0DBD42FBA1}.Debug|Win32.ActiveCfg = Debug|Win32
		{4CBA039E-F422-3B6F-BF9E-CC0DBD42FBA1}.Debug|Win32.Build.0 = Debug|Win32
		{4CBA039E-F422-3B6F-BF9E-CC0DBD42FBA1}.Release|Win32.ActiveCfg = Release|Win32
		{4CBA039E-F422-3B6F-BF9E-CC0DBD42FBA1}.Release|Win32.Build.0 = Release|Win32
		{4CBA039E-F422-3B6F-BF9E-CC0DBD42FBA1}.MinSizeRel|Win32.ActiveCfg = MinSizeRel|Win32
		{4CBA039E-F422-3B6F-BF9E-CC0DBD42FBA1}.MinSizeRel|Win32.Build.0 = MinSizeRel|Win32
		{4CBA039E-F422-3B6F-BF9E-CC0DBD42FBA1}.RelWithDebInfo|Win32.ActiveCfg = RelWithDebInfo|Win32
		{4CBA039E-F422-3B6F-BF9E-CC0DBD42FBA1}.RelWithDebInfo|Win32.Build.0 = RelWithDebInfo|Win32
		{20E2EE32-E2C7-3C91-9DD1-B53025F92070}.Debug|Win32.ActiveCfg = Debug|Win32
		{20E2EE32-E2C7-3C91-9DD1-B53025F92070}.Debug|Win32.Build.0 = Debug|Win32
		{20E2EE32-E2C7-3C91-9DD1-B53025F92070}.Release|Win32.ActiveCfg = Release|Win32
		{20E2EE32-E2C7-3C91-9DD1-B53025F92070}.Release|Win32.Build.0 = Release|Win32
		{20E2EE32-E2C7-3C91-9DD1-B53025F92070}.MinSizeRel|Win32.ActiveCfg = MinSizeRel|Win32
		{20E2EE32-E2C7-3C91-9DD1-B53025F92070}.MinSizeRel|Win32.Build.0 = MinSizeRel|Win32
		{20E2EE32-E2C7-3C91-9DD1-B53025F92070}.RelWithDebInfo|Win32.ActiveCfg = RelWithDebInfo|Win32
		{20E2EE32-E2C7-3C91-9DD1-B53025F92070}.RelWithDebInfo|Win32.Build.0 = RelWithDebInfo|Win32
		{056BF044-8209-3487-8C7A-527B1DFF8B7E}.Debug|Win32.ActiveCfg = Debug|Win32
		{056BF044-8209-3487-8C7A-527B1DFF8B7E}.Debug|Win32.Build.0 = Debug|Win32
		{056BF044-8209-3487-8C7A-527B1DFF8B7E}.Release|Win32.ActiveCfg = Release|Win32
		{056BF044-8209-3487-8C7A-527B1DFF8B7E}.Release|Win32.Build.0 = Release|Win32
		{056BF044-8209-3487-8C7A-527B1DFF8B7E}.MinSizeRel|Win32.ActiveCfg = MinSizeRel|Win32
		{056BF044-8209-3487-8C7A-527B1DFF8B7E}.MinSizeRel|Win32.Build.0 = MinSizeRel|Win32
		{056BF044-8209-3487-8C7A-527B1DFF8B7E}.RelWithDebInfo|Win32.ActiveCfg = RelWithDebInfo|Win32
		{056BF044-8209-3487-8C7A-527B1DFF8B7E}.RelWithDebInfo|Win32.Build.0 = RelWithDebInfo|Win32
		{696F5B18-5C5F-38E2-97D4-DD56ADD10006}.Debug|Win32.ActiveCfg = Debug|Win32
		{696F5B18-5C5F-38E2-97D4-DD56ADD10006}.Debug|Win32.Build.0 = Debug|Win32
		{696F5B18-5C5F-38E2-97D4-DD56ADD10006}.Release|Win32.ActiveCfg = Release|Win32
		{696F5B18-5C5F-38E2-97D4-DD56ADD10006}.Release|Win32.Build.0 = Release|Win32
		{696F5B18-5C5F-38E2-97D4-DD56ADD10006}.MinSizeRel|Win32.ActiveCfg = MinSizeRel|Win32
		{696F5B18-5C5F-38E2-97D4-DD56ADD10006}.MinSizeRel|Win32.Build.0 = MinSizeRel|Win32
		{696F5B18-5C5F-38E2-97D4-DD56ADD10006}.RelWithDebInfo|Win32.ActiveCfg = RelWithDebInfo|Win32
		{696F5B18-5C5F-38E2-97D4-DD56ADD10006}.RelWithDebInfo|Win32.Build.0 = RelWithDebInfo|Win32
		{443D9AC8-4BA0-32AE-B70E-48F588ABAA98}.Debug|Win32.ActiveCfg = Debug|Win32
		{443D9AC8-4BA0-32AE-B70E-48F588ABAA98}.Debug|Win32.Build.0 = Debug|Win32
		{443D9AC8-4BA0-32AE-B70E-48F588ABAA98}.Release|Win32.ActiveCfg = Release|Win32
		{443D9AC8-4BA0-32AE-B70E-48F588ABAA98}.Release|Win32.Build.0 = Release|Win32
		{443D9AC8-4BA0-32AE-B70E-48F588ABAA98}.MinSizeRel|Win32.ActiveCfg = MinSizeRel|Win32
		{443D9AC8-4BA0-32AE-B70E-48F588ABAA98}.MinSizeRel|Win32.Build.0 = MinSizeRel|Win32
		{443D9AC8-4BA0-32AE-B70E-48F588ABAA98}.RelWithDebInfo|Win32.ActiveCfg = RelWithDebInfo|Win32
		{443D9AC8-4BA0-32AE-B70E-48F588ABAA98}.RelWithDebInfo|Win32.Build.0 = RelWithDebInfo|Win32
		{05A19C58-9C0B-3743-85EA-2DDE63FC7BB6}.Debug|Win32.ActiveCfg = Debug|Win32
		{05A19C58-9C0B-3743-85EA-2DDE63FC7BB6}.Debug|Win32.Build.0 = Debug|Win32
		{05A19C58-9C0B-3743-85EA-2DDE63FC7BB6}.Release|Win32.ActiveCfg = Release|Win32
		{05A19C58-9C0B-3743-85EA-2DDE63FC7BB6}.Release|Win32.Build.0 = Release|Win32
		{05A19C58-9C0B-3743-85EA-2DDE63FC7BB6}.MinSizeRel|Win32.ActiveCfg = MinSizeRel|Win32
		{05A19C58-9C0B-3743-85EA-2DDE63FC7BB6}.MinSizeRel|Win32.Build.0 = MinSizeRel|Win32
		{05A19C58-9C0B-3743-85EA-2DDE63FC7BB6}.RelWithDebInfo|Win32.ActiveCfg = RelWithDebInfo|Win32
		{05A19C58-9C0B-3743-85EA-2DDE63FC7BB6}.RelWithDebInfo|Win32.Build.0 = RelWithDebInfo|Win32
		{AC11DDF3-1CA0-3BDA-BFEC-AFB322C196C3}.Debug|Win32.ActiveCfg = Debug|Win32
		{AC11DDF3-1CA0-3BDA-BFEC-AFB322C196C3}.Debug|Win32.Build.0 = Debug|Win32
		{AC11DDF3-1CA0-3BDA-BFEC-AFB322C196C3}.Release|Win32.ActiveCfg = Release|Win32
		{AC11DDF3-1CA0-3BDA-BFEC-AFB322C196C3}.Release|Win32.Build.0 = Release|Win32
		{AC11DDF3-1CA0-3BDA-BFEC-AFB322C196C3}.MinSizeRel|Win32.ActiveCfg = MinSizeRel|Win32
		{AC11DDF3-1CA0-3BDA-BFEC-AFB322C196C3}.MinSizeRel|Win32.Build.0 = MinSizeRel|Win32
		{AC11DDF3-1CA0-3BDA-BFEC-AFB322C196C3}.RelWithDebInfo|Win32.ActiveCfg = RelWithDebInfo|Win32
		{AC11DDF3-1CA0-3BDA-BFEC-AFB322C196C3}.RelWithDebInfo|Win32.Build.0 = RelWithDebInfo|Win32
		{75611B18-51FB-3AC0-AAE6-F0E7A4423FD8}.Debug|Win32.ActiveCfg = Debug|Win32
		{75611B18-51FB-3AC0-AAE6-F0E7A4423FD8}.Debug|Win32.Build.0 = Debug|Win32
		{75611B18-51FB-3AC0-AAE6-F0E7A4423FD8}.Release|Win32.ActiveCfg = Release|Win32
		{75611B18-51FB-3AC0-AAE6-F0E7A4423FD8}.Release|Win32.Build.0 = Release|Win32
		{75611B18-51FB-3AC0-AAE6-F0E7A4423FD8}.MinSizeRel|Win32.ActiveCfg = MinSizeRel|Win32
		{75611B18-51FB-3AC0-AAE6-F0E7A4423FD8}.MinSizeRel|Win32.Build.0 = MinSizeRel|Win32
		{75611B18-51FB-3AC0-AAE6-F0E7A4423FD8}.RelWithDebInfo|Win32.ActiveCfg = RelWithDebInfo|Win32
		{75611B18-51FB-3AC0-AAE6-F0E7A4423FD8}.RelWithDebInfo|Win32.Build.0 = RelWithDebInfo|Win32
		{CA73BCE7-A07A-3A2A-AD59-3167668D06ED}.Debug|Win32.ActiveCfg = Debug|Win32
		{CA73BCE7-A07A-3A2A-AD59-3167668D06ED}.Debug|Win32.Build.0 = Debug|Win32
		{CA73BCE7-A07A-3A2A-AD59-3167668D06ED}.Release|Win32.ActiveCfg = Release|Win32
		{CA73BCE7-A07A-3A2A-AD59-3167668D06ED}.Release|Win32.Build.0 = Release|Win32
		{CA73BCE7-A07A-3A2A-AD59-3167668D06ED}.MinSizeRel|Win32.ActiveCfg = MinSizeRel|Win32
		{CA73BCE7-A07A-3A2A-AD59-3167668D06ED}.MinSizeRel|Win32.Build.0 = MinSizeRel|Win32
		{CA73BCE7-A07A-3A2A-AD59-3167668D06ED}.RelWithDebInfo|Win32.ActiveCfg = RelWithDebInfo|Win32
		{CA73BCE7-A07A-3A2A-AD59-3167668D06ED}.RelWithDebInfo|Win32.Build.0 = RelWithDebInfo|Win32
		{7B0DC110-ADB1-3A98-8BA0-3D702163C45D}.Debug|Win32.ActiveCfg = Debug|Win32
		{7B0DC110-ADB1-3A98-8BA0-3D702163C45D}.Debug|Win32.Build.0 = Debug|Win32
		{7B0DC110-ADB1-3A98-8BA0-3D702163C45D}.Release|Win32.ActiveCfg = Release|Win32
		{7B0DC110-ADB1-3A98-8BA0-3D702163C45D}.Release|Win32.Build.0 = Release|Win32
		{7B0DC110-ADB1-3A98-8BA0-3D702163C45D}.MinSizeRel|Win32.ActiveCfg = MinSizeRel|Win32
		{7B0DC110-ADB1-3A98-8BA0-3D702163C45D}.MinSizeRel|Win32.Build.0 = MinSizeRel|Win32
		{7B0DC110-ADB1-3A98-8BA0-3D702163C45D}.RelWithDebInfo|Win32.ActiveCfg = RelWithDebInfo|Win32
		{7B0DC110-ADB1-3A98-8BA0-3D702163C45D}.RelWithDebInfo|Win32.Build.0 = RelWithDebInfo|Win32
		{4E64BA0A-A15A-3098-8D5E-07FC100C827E}.Debug|Win32.ActiveCfg = Debug|Win32
		{4E64BA0A-A15A-3098-8D5E-07FC100C827E}.Debug|Win32.Build.0 = Debug|Win32
		{4E64BA0A-A15A-3098-8D5E-07FC100C827E}.Release|Win32.ActiveCfg = Release|Win32
		{4E64BA0A-A15A-3098-8D5E-07FC100C827E}.Release|Win32.Build.0 = Release|Win32
		{4E64BA0A-A15A-3098-8D5E-07FC100C827E}.MinSizeRel|Win32.ActiveCfg = MinSizeRel|Win32
		{4E64BA0A-A15A-3098-8D5E-07FC100C827E}.MinSizeRel|Win32.Build.0 = MinSizeRel|Win32
		{4E64BA0A-A15A-3098-8D5E-07FC100C827E}.RelWithDebInfo|Win32.ActiveCfg = RelWithDebInfo|Win32
		{4E64BA0A-A15A-3098-8D5E-07FC100C827E}.RelWithDebInfo|Win32.Build.0 = RelWithDebInfo|Win32
		{0F43EF64-E02F-3F2D-BA96-6752CF3E50A3}.Debug|Win32.ActiveCfg = Debug|Win32
		{0F43EF64-E02F-3F2D-BA96-6752CF3E50A3}.Debug|Win32.Build.0 = Debug|Win32
		{0F43EF64-E02F-3F2D-BA96-6752CF3E50A3}.Release|Win32.ActiveCfg = Release|Win32
		{0F43EF64-E02F-3F2D-BA96-6752CF3E50A3}.Release|Win32.Build.0 = Release|Win32
		{0F43EF64-E02F-3F2D-BA96-6752CF3E50A3}.MinSizeRel|Win32.ActiveCfg = MinSizeRel|Win32
		{0F43EF64-E02F-3F2D-BA96-6752CF3E50A3}.MinSizeRel|Win32.Build.0 = MinSizeRel|Win32
		{0F43EF64-E02F-3F2D-BA96-6752CF3E50A3}.RelWithDebInfo|Win32.ActiveCfg = RelWithDebInfo|Win32
		{0F43EF64-E02F-3F2D-BA96-6752CF3E50A3}.RelWithDebInfo|Win32.Build.0 = RelWithDebInfo|Win32
		{9B1E982B-8D5D-3F26-83D2-0479F040B263}.Debug|Win32.ActiveCfg = Debug|Win32
		{9B1E982B-8D5D-3F26-83D2-0479F040B263}.Debug|Win32.Build.0 = Debug|Win32
		{9B1E982B-8D5D-3F26-83D2-0479F040B263}.Release|Win32.ActiveCfg = Release|Win32
		{9B1E982B-8D5D-3F26-83D2-0479F040B263}.Release|Win32.Build.0 = Release|Win32
		{9B1E982B-8D5D-3F26-83D2-0479F040B263}.MinSizeRel|Win32.ActiveCfg = MinSizeRel|Win32
		{9B1E982B-8D5D-3F26-83D2-0479F040B263}.MinSizeRel|Win32.Build.0 = MinSizeRel|Win32
		{9B1E982B-8D5D-3F26-83D2-0479F040B263}.RelWithDebInfo|Win32.ActiveCfg = RelWithDebInfo|Win32
		{9B1E982B-8D5D-3F26-83D2-0479F040B263}.RelWithDebInfo|Win32.Build.0 = RelWithDebInfo|Win32
		{176DE21D-F694-3FF3-B540-1553091C21A5}.Debug|Win32.ActiveCfg = Debug|Win32
		{176DE21D-F694-3FF3-B540-1553091C21A5}.Debug|Win32.Build.0 = Debug|Win32
		{176DE21D-F694-3FF3-B540-1553091C21A5}.Release|Win32.ActiveCfg = Release|Win32
		{176DE21D-F694-3FF3-B540-1553091C21A5}.Release|Win32.Build.0 = Release|Win32
		{176DE21D-F694-3FF3-B540-1553091C21A5}.MinSizeRel|Win32.ActiveCfg = MinSizeRel|Win32
		{176DE21D-F694-3FF3-B540-1553091C21A5}.MinSizeRel|Win32.Build.0 = MinSizeRel|Win32
		{176DE21D-F694-3FF3-B540-1553091C21A5}.RelWithDebInfo|Win32.ActiveCfg = RelWithDebInfo|Win32
		{176DE21D-F694-3FF3-B540-1553091C21A5}.RelWithDebInfo|Win32.Build.0 = RelWithDebInfo|Win32
		{B2A2B938-0C94-31E7-A7E6-1B69BA96F5C7}.Debug|Win32.ActiveCfg = Debug|Win32
		{B2A2B938-0C94-31E7-A7E6-1B69BA96F5C7}.Release|Win32.ActiveCfg = Release|Win32
		{B2A2B938-0C94-31E7-A7E6-1B69BA96F5C7}.MinSizeRel|Win32.ActiveCfg = MinSizeRel|Win32
		{B2A2B938-0C94-31E7-A7E6-1B69BA96F5C7}.RelWithDebInfo|Win32.ActiveCfg = RelWithDebInfo|Win32
		{54DCDB73-582E-328E-BB3B-1D5C145E4285}.Debug|Win32.ActiveCfg = Debug|Win32
		{54DCDB73-582E-328E-BB3B-1D5C145E4285}.Debug|Win32.Build.0 = Debug|Win32
		{54DCDB73-582E-328E-BB3B-1D5C145E4285}.Release|Win32.ActiveCfg = Release|Win32
		{54DCDB73-582E-328E-BB3B-1D5C145E4285}.Release|Win32.Build.0 = Release|Win32
		{54DCDB73-582E-328E-BB3B-1D5C145E4285}.MinSizeRel|Win32.ActiveCfg = MinSizeRel|Win32
		{54DCDB73-582E-328E-BB3B-1D5C145E4285}.MinSizeRel|Win32.Build.0 = MinSizeRel|Win32
		{54DCDB73-582E-328E-BB3B-1D5C145E4285}.RelWithDebInfo|Win32.ActiveCfg = RelWithDebInfo|Win32
		{54DCDB73-582E-328E-BB3B-1D5C145E4285}.RelWithDebInfo|Win32.Build.0 = RelWithDebInfo|Win32
		{B7DC2EBF-9B48-31FC-8A86-66A9A341A242}.Debug|Win32.ActiveCfg = Debug|Win32
		{B7DC2EBF-9B48-31FC-8A86-66A9A341A242}.Debug|Win32.Build.0 = Debug|Win32
		{B7DC2EBF-9B48-31FC-8A86-66A9A341A242}.Release|Win32.ActiveCfg = Release|Win32
		{B7DC2EBF-9B48-31FC-8A86-66A9A341A242}.Release|Win32.Build.0 = Release|Win32
		{B7DC2EBF-9B48-31FC-8A86-66A9A341A242}.MinSizeRel|Win32.ActiveCfg = MinSizeRel|Win32
		{B7DC2EBF-9B48-31FC-8A86-66A9A341A242}.MinSizeRel|Win32.Build.0 = MinSizeRel|Win32
		{B7DC2EBF-9B48-31FC-8A86-66A9A341A242}.RelWithDebInfo|Win32.ActiveCfg = RelWithDebInfo|Win32
		{B7DC2EBF-9B48-31FC-8A86-66A9A341A242}.RelWithDebInfo|Win32.Build.0 = RelWithDebInfo|Win32
		{F21013DE-D048-3DD6-B69C-FDCF946A5D55}.Debug|Win32.ActiveCfg = Debug|Win32
		{F21013DE-D048-3DD6-B69C-FDCF946A5D55}.Debug|Win32.Build.0 = Debug|Win32
		{F21013DE-D048-3DD6-B69C-FDCF946A5D55}.Release|Win32.ActiveCfg = Release|Win32
		{F21013DE-D048-3DD6-B69C-FDCF946A5D55}.Release|Win32.Build.0 = Release|Win32
		{F21013DE-D048-3DD6-B69C-FDCF946A5D55}.MinSizeRel|Win32.ActiveCfg = MinSizeRel|Win32
		{F21013DE-D048-3DD6-B69C-FDCF946A5D55}.MinSizeRel|Win32.Build.0 = MinSizeRel|Win32
		{F21013DE-D048-3DD6-B69C-FDCF946A5D55}.RelWithDebInfo|Win32.ActiveCfg = RelWithDebInfo|Win32
		{F21013DE-D048-3DD6-B69C-FDCF946A5D55}.RelWithDebInfo|Win32.Build.0 = RelWithDebInfo|Win32
	EndGlobalSection
	GlobalSection(NestedProjects) = preSolution
		{09131A52-CC10-3661-8C40-3C04D03AD345} = {C7ABCF7F-FEBF-30AE-9CA1-E3A931400B25}
		{D7DE123E-C196-3BF9-8C41-0A3F2C3A7ABB} = {C7ABCF7F-FEBF-30AE-9CA1-E3A931400B25}
		{B3A85846-D850-36F3-AC4B-9488B5E3DA26} = {C7ABCF7F-FEBF-30AE-9CA1-E3A931400B25}
		{B51157D9-802C-39A8-9827-BB84CCD19703} = {BC33BEA0-B502-3C3A-A310-3EA4C669FE15}
		{9A771447-B7D6-30A3-AE47-1140B48D5319} = {BC33BEA0-B502-3C3A-A310-3EA4C669FE15}
		{48893C1A-53CC-3E8E-82B0-853F70D85709} = {BC33BEA0-B502-3C3A-A310-3EA4C669FE15}
		{67B3229B-017A-3A0B-9049-6230219500DC} = {B51157D9-802C-39A8-9827-BB84CCD19703}
		{B78F03EF-7891-3F15-9B78-C6F7984C3B5B} = {B51157D9-802C-39A8-9827-BB84CCD19703}
		{4CBA039E-F422-3B6F-BF9E-CC0DBD42FBA1} = {B51157D9-802C-39A8-9827-BB84CCD19703}
		{05A19C58-9C0B-3743-85EA-2DDE63FC7BB6} = {B51157D9-802C-39A8-9827-BB84CCD19703}
		{CA73BCE7-A07A-3A2A-AD59-3167668D06ED} = {B51157D9-802C-39A8-9827-BB84CCD19703}
		{4E64BA0A-A15A-3098-8D5E-07FC100C827E} = {B51157D9-802C-39A8-9827-BB84CCD19703}
		{54DCDB73-582E-328E-BB3B-1D5C145E4285} = {B51157D9-802C-39A8-9827-BB84CCD19703}
		{585314AF-EDAB-3E04-A993-3189D12B8B10} = {9A771447-B7D6-30A3-AE47-1140B48D5319}
		{DD18842A-BDA1-3AD6-9867-F3F96135D57B} = {9A771447-B7D6-30A3-AE47-1140B48D5319}
		{CC2BDD20-F3DF-37D5-8722-90211D8EF3B8} = {9A771447-B7D6-30A3-AE47-1140B48D5319}
		{FEEE04D0-A482-3024-8815-FF3352403D51} = {9A771447-B7D6-30A3-AE47-1140B48D5319}
		{523EA4AE-877C-3458-87D0-98AECE79EE4F} = {9A771447-B7D6-30A3-AE47-1140B48D5319}
		{78FC54D0-CEAF-3149-A2DB-74967424DE41} = {9A771447-B7D6-30A3-AE47-1140B48D5319}
		{20E2EE32-E2C7-3C91-9DD1-B53025F92070} = {9A771447-B7D6-30A3-AE47-1140B48D5319}
		{056BF044-8209-3487-8C7A-527B1DFF8B7E} = {9A771447-B7D6-30A3-AE47-1140B48D5319}
		{696F5B18-5C5F-38E2-97D4-DD56ADD10006} = {9A771447-B7D6-30A3-AE47-1140B48D5319}
		{443D9AC8-4BA0-32AE-B70E-48F588ABAA98} = {9A771447-B7D6-30A3-AE47-1140B48D5319}
		{AC11DDF3-1CA0-3BDA-BFEC-AFB322C196C3} = {9A771447-B7D6-30A3-AE47-1140B48D5319}
		{75611B18-51FB-3AC0-AAE6-F0E7A4423FD8} = {9A771447-B7D6-30A3-AE47-1140B48D5319}
		{0F43EF64-E02F-3F2D-BA96-6752CF3E50A3} = {9A771447-B7D6-30A3-AE47-1140B48D5319}
		{9B1E982B-8D5D-3F26-83D2-0479F040B263} = {9A771447-B7D6-30A3-AE47-1140B48D5319}
		{176DE21D-F694-3FF3-B540-1553091C21A5} = {9A771447-B7D6-30A3-AE47-1140B48D5319}
		{B7DC2EBF-9B48-31FC-8A86-66A9A341A242} = {9A771447-B7D6-30A3-AE47-1140B48D5319}
	EndGlobalSection
	GlobalSection(ExtensibilityGlobals) = postSolution
		SolutionGuid = {26E6A42E-55C0-3AB6-B35E-EAE0B25BEFA5}
	EndGlobalSection
	GlobalSection(ExtensibilityAddIns) = postSolution
	EndGlobalSection
EndGlobal
