Microsoft Visual Studio Solution File, Format Version 12.00
# Visual Studio 15
Project("{2150E333-8FDC-42A3-9474-1A3956D46DE8}") = "CMakePredefinedTargets", "CMakePredefinedTargets", "{EF8400AE-76FE-3415-BAA1-74F44D269D89}"
EndProject
Project("{2150E333-8FDC-42A3-9474-1A3956D46DE8}") = "GLFW3", "GLFW3", "{951820F9-A7CE-3D79-8D91-82957353726E}"
EndProject
Project("{2150E333-8FDC-42A3-9474-1A3956D46DE8}") = "Examples", "GLFW3\Examples", "{B93DBFD6-2C09-31A7-9F96-79D23F321DD4}"
EndProject
Project("{2150E333-8FDC-42A3-9474-1A3956D46DE8}") = "Tests", "GLFW3\Tests", "{28DB3E94-B619-3A99-A206-0432540EA5C6}"
EndProject
Project("{8BC9CEB8-8B4A-11D0-8D11-00A0C91BC942}") = "ALL_BUILD", "ALL_BUILD.vcxproj", "{AC3E15B4-8273-3B9F-A9D1-A52EAF43084C}"
	ProjectSection(ProjectDependencies) = postProject
		{FF2BFC20-0D4E-3080-A9A9-176629DFE6ED} = {FF2BFC20-0D4E-3080-A9A9-176629DFE6ED}
		{903DD54B-7AAC-3A33-9D48-C95AEEFA0994} = {903DD54B-7AAC-3A33-9D48-C95AEEFA0994}
		{FD6DB71B-1066-308A-A198-2DE1B78B9B3C} = {FD6DB71B-1066-308A-A198-2DE1B78B9B3C}
		{76E4B076-6E2A-3A24-A584-61E256846E85} = {76E4B076-6E2A-3A24-A584-61E256846E85}
		{E5E8CD3B-1ED3-3685-ACB2-24245C00D84F} = {E5E8CD3B-1ED3-3685-ACB2-24245C00D84F}
		{B391A4EF-10B5-35DF-9322-D1C58DBC9162} = {B391A4EF-10B5-35DF-9322-D1C58DBC9162}
		{5B4EE91F-E96C-30DE-B962-5BC51CE725D5} = {5B4EE91F-E96C-30DE-B962-5BC51CE725D5}
		{5D23CE8C-BAB8-30A1-AA14-628BABB49713} = {5D23CE8C-BAB8-30A1-AA14-628BABB49713}
		{B9511D96-6B6F-352A-9838-6D20A2F32E85} = {B9511D96-6B6F-352A-9838-6D20A2F32E85}
		{F4EBB9D8-B0F0-3720-96A1-666194C40E7F} = {F4EBB9D8-B0F0-3720-96A1-666194C40E7F}
		{FAFA565B-34F7-3092-BF59-374051047E10} = {FAFA565B-34F7-3092-BF59-374051047E10}
		{9AF67E65-DEC7-3026-A56F-52BD7F0C2141} = {9AF67E65-DEC7-3026-A56F-52BD7F0C2141}
		{22C69266-EB6D-38C0-990F-952A634F6F0D} = {22C69266-EB6D-38C0-990F-952A634F6F0D}
		{AD574FF3-B496-394A-8149-422A974C4067} = {AD574FF3-B496-394A-8149-422A974C4067}
		{1BF5682F-58F3-3701-9041-68CC68B7FAC4} = {1BF5682F-58F3-3701-9041-68CC68B7FAC4}
		{5ED00990-A93A-3DD0-8AB0-85189688AE7F} = {5ED00990-A93A-3DD0-8AB0-85189688AE7F}
		{7CB028CC-933F-3CA7-A606-4DAE829EEF8C} = {7CB028CC-933F-3CA7-A606-4DAE829EEF8C}
		{FDEC92A3-7997-3F9F-9944-DFC7B766E4C6} = {FDEC92A3-7997-3F9F-9944-DFC7B766E4C6}
		{D7194111-550E-3D0A-9836-15D45A955042} = {D7194111-550E-3D0A-9836-15D45A955042}
		{FE7886F2-90D1-33FE-B1DC-E910F39FB9DF} = {FE7886F2-90D1-33FE-B1DC-E910F39FB9DF}
		{81830EFA-9BF0-3D79-83CB-E0A24CEA0837} = {81830EFA-9BF0-3D79-83CB-E0A24CEA0837}
		{A7B6E2A3-41FC-3581-B00B-F248CFC50CC0} = {A7B6E2A3-41FC-3581-B00B-F248CFC50CC0}
		{F2409D1C-C5E1-3841-B36F-397295C37519} = {F2409D1C-C5E1-3841-B36F-397295C37519}
		{FF169620-B3FF-34F5-A033-B49BCA851AF9} = {FF169620-B3FF-34F5-A033-B49BCA851AF9}
		{654E05D0-C6F5-3475-9EBC-D1C2A9C0D675} = {654E05D0-C6F5-3475-9EBC-D1C2A9C0D675}
		{7C803563-3389-3849-B3A1-64EA6793809F} = {7C803563-3389-3849-B3A1-64EA6793809F}
		{9217CCD6-6BE8-3447-8CF1-605B535E1942} = {9217CCD6-6BE8-3447-8CF1-605B535E1942}
		{D626E73E-9FF0-3BAC-AE35-7A4972599165} = {D626E73E-9FF0-3BAC-AE35-7A4972599165}
		{0AF19ABC-8475-3187-B0E4-C5463F0A43D7} = {0AF19ABC-8475-3187-B0E4-C5463F0A43D7}
		{646EB19F-B70C-3321-8603-67B76DF57410} = {646EB19F-B70C-3321-8603-67B76DF57410}
		{997A7018-963A-305A-B513-2ACD184252CF} = {997A7018-963A-305A-B513-2ACD184252CF}
		{5970C29B-0CDF-3D4A-B8DD-431FC134BA26} = {5970C29B-0CDF-3D4A-B8DD-431FC134BA26}
		{7874A4FF-5954-3FCF-8C6A-2F27A7D975C2} = {7874A4FF-5954-3FCF-8C6A-2F27A7D975C2}
		{D99AB0F4-CA8D-31F5-9F95-2520BDC7C7CF} = {D99AB0F4-CA8D-31F5-9F95-2520BDC7C7CF}
	EndProjectSection
EndProject
Project("{8BC9CEB8-8B4A-11D0-8D11-00A0C91BC942}") = "ANTTWEAKBAR_116_OGLCORE_GLFW", "external\ANTTWEAKBAR_116_OGLCORE_GLFW.vcxproj", "{FF2BFC20-0D4E-3080-A9A9-176629DFE6ED}"
	ProjectSection(ProjectDependencies) = postProject
		{5B4EE91F-E96C-30DE-B962-5BC51CE725D5} = {5B4EE91F-E96C-30DE-B962-5BC51CE725D5}
	EndProjectSection
EndProject
Project("{8BC9CEB8-8B4A-11D0-8D11-00A0C91BC942}") = "BulletCollision", "external\bullet-2.81-rev2613\src\BulletCollision\BulletCollision.vcxproj", "{903DD54B-7AAC-3A33-9D48-C95AEEFA0994}"
	ProjectSection(ProjectDependencies) = postProject
		{5B4EE91F-E96C-30DE-B962-5BC51CE725D5} = {5B4EE91F-E96C-30DE-B962-5BC51CE725D5}
	EndProjectSection
EndProject
Project("{8BC9CEB8-8B4A-11D0-8D11-00A0C91BC942}") = "BulletDynamics", "external\bullet-2.81-rev2613\src\BulletDynamics\BulletDynamics.vcxproj", "{FD6DB71B-1066-308A-A198-2DE1B78B9B3C}"
	ProjectSection(ProjectDependencies) = postProject
		{5B4EE91F-E96C-30DE-B962-5BC51CE725D5} = {5B4EE91F-E96C-30DE-B962-5BC51CE725D5}
	EndProjectSection
EndProject
Project("{8BC9CEB8-8B4A-11D0-8D11-00A0C91BC942}") = "BulletSoftBody", "external\bullet-2.81-rev2613\src\BulletSoftBody\BulletSoftBody.vcxproj", "{76E4B076-6E2A-3A24-A584-61E256846E85}"
	ProjectSection(ProjectDependencies) = postProject
		{5B4EE91F-E96C-30DE-B962-5BC51CE725D5} = {5B4EE91F-E96C-30DE-B962-5BC51CE725D5}
	EndProjectSection
EndProject
Project("{8BC9CEB8-8B4A-11D0-8D11-00A0C91BC942}") = "GLEW_1130", "external\GLEW_1130.vcxproj", "{E5E8CD3B-1ED3-3685-ACB2-24245C00D84F}"
	ProjectSection(ProjectDependencies) = postProject
		{5B4EE91F-E96C-30DE-B962-5BC51CE725D5} = {5B4EE91F-E96C-30DE-B962-5BC51CE725D5}
	EndProjectSection
EndProject
Project("{8BC9CEB8-8B4A-11D0-8D11-00A0C91BC942}") = "INSTALL", "INSTALL.vcxproj", "{4530E392-9350-3C96-B2AC-15CA9B098EA8}"
	ProjectSection(ProjectDependencies) = postProject
		{AC3E15B4-8273-3B9F-A9D1-A52EAF43084C} = {AC3E15B4-8273-3B9F-A9D1-A52EAF43084C}
		{5B4EE91F-E96C-30DE-B962-5BC51CE725D5} = {5B4EE91F-E96C-30DE-B962-5BC51CE725D5}
	EndProjectSection
EndProject
Project("{8BC9CEB8-8B4A-11D0-8D11-00A0C91BC942}") = "LinearMath", "external\bullet-2.81-rev2613\src\LinearMath\LinearMath.vcxproj", "{B391A4EF-10B5-35DF-9322-D1C58DBC9162}"
	ProjectSection(ProjectDependencies) = postProject
		{5B4EE91F-E96C-30DE-B962-5BC51CE725D5} = {5B4EE91F-E96C-30DE-B962-5BC51CE725D5}
	EndProjectSection
EndProject
Project("{8BC9CEB8-8B4A-11D0-8D11-00A0C91BC942}") = "ZERO_CHECK", "ZERO_CHECK.vcxproj", "{5B4EE91F-E96C-30DE-B962-5BC51CE725D5}"
	ProjectSection(ProjectDependencies) = postProject
	EndProjectSection
EndProject
Project("{8BC9CEB8-8B4A-11D0-8D11-00A0C91BC942}") = "assimp", "external\assimp-3.0.1270\code\assimp.vcxproj", "{5D23CE8C-BAB8-30A1-AA14-628BABB49713}"
	ProjectSection(ProjectDependencies) = postProject
		{5B4EE91F-E96C-30DE-B962-5BC51CE725D5} = {5B4EE91F-E96C-30DE-B962-5BC51CE725D5}
		{D99AB0F4-CA8D-31F5-9F95-2520BDC7C7CF} = {D99AB0F4-CA8D-31F5-9F95-2520BDC7C7CF}
	EndProjectSection
EndProject
Project("{8BC9CEB8-8B4A-11D0-8D11-00A0C91BC942}") = "boing", "external\glfw-3.1.2\examples\boing.vcxproj", "{B9511D96-6B6F-352A-9838-6D20A2F32E85}"
	ProjectSection(ProjectDependencies) = postProject
		{5B4EE91F-E96C-30DE-B962-5BC51CE725D5} = {5B4EE91F-E96C-30DE-B962-5BC51CE725D5}
		{5ED00990-A93A-3DD0-8AB0-85189688AE7F} = {5ED00990-A93A-3DD0-8AB0-85189688AE7F}
	EndProjectSection
EndProject
Project("{8BC9CEB8-8B4A-11D0-8D11-00A0C91BC942}") = "clipboard", "external\glfw-3.1.2\tests\clipboard.vcxproj", "{F4EBB9D8-B0F0-3720-96A1-666194C40E7F}"
	ProjectSection(ProjectDependencies) = postProject
		{5B4EE91F-E96C-30DE-B962-5BC51CE725D5} = {5B4EE91F-E96C-30DE-B962-5BC51CE725D5}
		{5ED00990-A93A-3DD0-8AB0-85189688AE7F} = {5ED00990-A93A-3DD0-8AB0-85189688AE7F}
	EndProjectSection
EndProject
Project("{8BC9CEB8-8B4A-11D0-8D11-00A0C91BC942}") = "cursor", "external\glfw-3.1.2\tests\cursor.vcxproj", "{FAFA565B-34F7-3092-BF59-374051047E10}"
	ProjectSection(ProjectDependencies) = postProject
		{5B4EE91F-E96C-30DE-B962-5BC51CE725D5} = {5B4EE91F-E96C-30DE-B962-5BC51CE725D5}
		{5ED00990-A93A-3DD0-8AB0-85189688AE7F} = {5ED00990-A93A-3DD0-8AB0-85189688AE7F}
	EndProjectSection
EndProject
Project("{8BC9CEB8-8B4A-11D0-8D11-00A0C91BC942}") = "empty", "external\glfw-3.1.2\tests\empty.vcxproj", "{9AF67E65-DEC7-3026-A56F-52BD7F0C2141}"
	ProjectSection(ProjectDependencies) = postProject
		{5B4EE91F-E96C-30DE-B962-5BC51CE725D5} = {5B4EE91F-E96C-30DE-B962-5BC51CE725D5}
		{5ED00990-A93A-3DD0-8AB0-85189688AE7F} = {5ED00990-A93A-3DD0-8AB0-85189688AE7F}
	EndProjectSection
EndProject
Project("{8BC9CEB8-8B4A-11D0-8D11-00A0C91BC942}") = "events", "external\glfw-3.1.2\tests\events.vcxproj", "{22C69266-EB6D-38C0-990F-952A634F6F0D}"
	ProjectSection(ProjectDependencies) = postProject
		{5B4EE91F-E96C-30DE-B962-5BC51CE725D5} = {5B4EE91F-E96C-30DE-B962-5BC51CE725D5}
		{5ED00990-A93A-3DD0-8AB0-85189688AE7F} = {5ED00990-A93A-3DD0-8AB0-85189688AE7F}
	EndProjectSection
EndProject
Project("{8BC9CEB8-8B4A-11D0-8D11-00A0C91BC942}") = "gamma", "external\glfw-3.1.2\tests\gamma.vcxproj", "{AD574FF3-B496-394A-8149-422A974C4067}"
	ProjectSection(ProjectDependencies) = postProject
		{5B4EE91F-E96C-30DE-B962-5BC51CE725D5} = {5B4EE91F-E96C-30DE-B962-5BC51CE725D5}
		{5ED00990-A93A-3DD0-8AB0-85189688AE7F} = {5ED00990-A93A-3DD0-8AB0-85189688AE7F}
	EndProjectSection
EndProject
Project("{8BC9CEB8-8B4A-11D0-8D11-00A0C91BC942}") = "gears", "external\glfw-3.1.2\examples\gears.vcxproj", "{1BF5682F-58F3-3701-9041-68CC68B7FAC4}"
	ProjectSection(ProjectDependencies) = postProject
		{5B4EE91F-E96C-30DE-B962-5BC51CE725D5} = {5B4EE91F-E96C-30DE-B962-5BC51CE725D5}
		{5ED00990-A93A-3DD0-8AB0-85189688AE7F} = {5ED00990-A93A-3DD0-8AB0-85189688AE7F}
	EndProjectSection
EndProject
Project("{8BC9CEB8-8B4A-11D0-8D11-00A0C91BC942}") = "glfw", "external\glfw-3.1.2\src\glfw.vcxproj", "{5ED00990-A93A-3DD0-8AB0-85189688AE7F}"
	ProjectSection(ProjectDependencies) = postProject
		{5B4EE91F-E96C-30DE-B962-5BC51CE725D5} = {5B4EE91F-E96C-30DE-B962-5BC51CE725D5}
	EndProjectSection
EndProject
Project("{8BC9CEB8-8B4A-11D0-8D11-00A0C91BC942}") = "glfwinfo", "external\glfw-3.1.2\tests\glfwinfo.vcxproj", "{7CB028CC-933F-3CA7-A606-4DAE829EEF8C}"
	ProjectSection(ProjectDependencies) = postProject
		{5B4EE91F-E96C-30DE-B962-5BC51CE725D5} = {5B4EE91F-E96C-30DE-B962-5BC51CE725D5}
		{5ED00990-A93A-3DD0-8AB0-85189688AE7F} = {5ED00990-A93A-3DD0-8AB0-85189688AE7F}
	EndProjectSection
EndProject
Project("{8BC9CEB8-8B4A-11D0-8D11-00A0C91BC942}") = "heightmap", "external\glfw-3.1.2\examples\heightmap.vcxproj", "{FDEC92A3-7997-3F9F-9944-DFC7B766E4C6}"
	ProjectSection(ProjectDependencies) = postProject
		{5B4EE91F-E96C-30DE-B962-5BC51CE725D5} = {5B4EE91F-E96C-30DE-B962-5BC51CE725D5}
		{5ED00990-A93A-3DD0-8AB0-85189688AE7F} = {5ED00990-A93A-3DD0-8AB0-85189688AE7F}
	EndProjectSection
EndProject
Project("{8BC9CEB8-8B4A-11D0-8D11-00A0C91BC942}") = "iconify", "external\glfw-3.1.2\tests\iconify.vcxproj", "{D7194111-550E-3D0A-9836-15D45A955042}"
	ProjectSection(ProjectDependencies) = postProject
		{5B4EE91F-E96C-30DE-B962-5BC51CE725D5} = {5B4EE91F-E96C-30DE-B962-5BC51CE725D5}
		{5ED00990-A93A-3DD0-8AB0-85189688AE7F} = {5ED00990-A93A-3DD0-8AB0-85189688AE7F}
	EndProjectSection
EndProject
Project("{8BC9CEB8-8B4A-11D0-8D11-00A0C91BC942}") = "joysticks", "external\glfw-3.1.2\tests\joysticks.vcxproj", "{FE7886F2-90D1-33FE-B1DC-E910F39FB9DF}"
	ProjectSection(ProjectDependencies) = postProject
		{5B4EE91F-E96C-30DE-B962-5BC51CE725D5} = {5B4EE91F-E96C-30DE-B962-5BC51CE725D5}
		{5ED00990-A93A-3DD0-8AB0-85189688AE7F} = {5ED00990-A93A-3DD0-8AB0-85189688AE7F}
	EndProjectSection
EndProject
Project("{8BC9CEB8-8B4A-11D0-8D11-00A0C91BC942}") = "monitors", "external\glfw-3.1.2\tests\monitors.vcxproj", "{81830EFA-9BF0-3D79-83CB-E0A24CEA0837}"
	ProjectSection(ProjectDependencies) = postProject
		{5B4EE91F-E96C-30DE-B962-5BC51CE725D5} = {5B4EE91F-E96C-30DE-B962-5BC51CE725D5}
		{5ED00990-A93A-3DD0-8AB0-85189688AE7F} = {5ED00990-A93A-3DD0-8AB0-85189688AE7F}
	EndProjectSection
EndProject
Project("{8BC9CEB8-8B4A-11D0-8D11-00A0C91BC942}") = "msaa", "external\glfw-3.1.2\tests\msaa.vcxproj", "{A7B6E2A3-41FC-3581-B00B-F248CFC50CC0}"
	ProjectSection(ProjectDependencies) = postProject
		{5B4EE91F-E96C-30DE-B962-5BC51CE725D5} = {5B4EE91F-E96C-30DE-B962-5BC51CE725D5}
		{5ED00990-A93A-3DD0-8AB0-85189688AE7F} = {5ED00990-A93A-3DD0-8AB0-85189688AE7F}
	EndProjectSection
EndProject
Project("{8BC9CEB8-8B4A-11D0-8D11-00A0C91BC942}") = "particles", "external\glfw-3.1.2\examples\particles.vcxproj", "{F2409D1C-C5E1-3841-B36F-397295C37519}"
	ProjectSection(ProjectDependencies) = postProject
		{5B4EE91F-E96C-30DE-B962-5BC51CE725D5} = {5B4EE91F-E96C-30DE-B962-5BC51CE725D5}
		{5ED00990-A93A-3DD0-8AB0-85189688AE7F} = {5ED00990-A93A-3DD0-8AB0-85189688AE7F}
	EndProjectSection
EndProject
Project("{8BC9CEB8-8B4A-11D0-8D11-00A0C91BC942}") = "reopen", "external\glfw-3.1.2\tests\reopen.vcxproj", "{FF169620-B3FF-34F5-A033-B49BCA851AF9}"
	ProjectSection(ProjectDependencies) = postProject
		{5B4EE91F-E96C-30DE-B962-5BC51CE725D5} = {5B4EE91F-E96C-30DE-B962-5BC51CE725D5}
		{5ED00990-A93A-3DD0-8AB0-85189688AE7F} = {5ED00990-A93A-3DD0-8AB0-85189688AE7F}
	EndProjectSection
EndProject
Project("{8BC9CEB8-8B4A-11D0-8D11-00A0C91BC942}") = "sharing", "external\glfw-3.1.2\tests\sharing.vcxproj", "{654E05D0-C6F5-3475-9EBC-D1C2A9C0D675}"
	ProjectSection(ProjectDependencies) = postProject
		{5B4EE91F-E96C-30DE-B962-5BC51CE725D5} = {5B4EE91F-E96C-30DE-B962-5BC51CE725D5}
		{5ED00990-A93A-3DD0-8AB0-85189688AE7F} = {5ED00990-A93A-3DD0-8AB0-85189688AE7F}
	EndProjectSection
EndProject
Project("{8BC9CEB8-8B4A-11D0-8D11-00A0C91BC942}") = "simple", "external\glfw-3.1.2\examples\simple.vcxproj", "{7C803563-3389-3849-B3A1-64EA6793809F}"
	ProjectSection(ProjectDependencies) = postProject
		{5B4EE91F-E96C-30DE-B962-5BC51CE725D5} = {5B4EE91F-E96C-30DE-B962-5BC51CE725D5}
		{5ED00990-A93A-3DD0-8AB0-85189688AE7F} = {5ED00990-A93A-3DD0-8AB0-85189688AE7F}
	EndProjectSection
EndProject
Project("{8BC9CEB8-8B4A-11D0-8D11-00A0C91BC942}") = "snake", "snake.vcxproj", "{9217CCD6-6BE8-3447-8CF1-605B535E1942}"
	ProjectSection(ProjectDependencies) = postProject
		{E5E8CD3B-1ED3-3685-ACB2-24245C00D84F} = {E5E8CD3B-1ED3-3685-ACB2-24245C00D84F}
		{5B4EE91F-E96C-30DE-B962-5BC51CE725D5} = {5B4EE91F-E96C-30DE-B962-5BC51CE725D5}
		{5ED00990-A93A-3DD0-8AB0-85189688AE7F} = {5ED00990-A93A-3DD0-8AB0-85189688AE7F}
	EndProjectSection
EndProject
Project("{8BC9CEB8-8B4A-11D0-8D11-00A0C91BC942}") = "splitview", "external\glfw-3.1.2\examples\splitview.vcxproj", "{D626E73E-9FF0-3BAC-AE35-7A4972599165}"
	ProjectSection(ProjectDependencies) = postProject
		{5B4EE91F-E96C-30DE-B962-5BC51CE725D5} = {5B4EE91F-E96C-30DE-B962-5BC51CE725D5}
		{5ED00990-A93A-3DD0-8AB0-85189688AE7F} = {5ED00990-A93A-3DD0-8AB0-85189688AE7F}
	EndProjectSection
EndProject
Project("{8BC9CEB8-8B4A-11D0-8D11-00A0C91BC942}") = "tearing", "external\glfw-3.1.2\tests\tearing.vcxproj", "{0AF19ABC-8475-3187-B0E4-C5463F0A43D7}"
	ProjectSection(ProjectDependencies) = postProject
		{5B4EE91F-E96C-30DE-B962-5BC51CE725D5} = {5B4EE91F-E96C-30DE-B962-5BC51CE725D5}
		{5ED00990-A93A-3DD0-8AB0-85189688AE7F} = {5ED00990-A93A-3DD0-8AB0-85189688AE7F}
	EndProjectSection
EndProject
Project("{8BC9CEB8-8B4A-11D0-8D11-00A0C91BC942}") = "threads", "external\glfw-3.1.2\tests\threads.vcxproj", "{646EB19F-B70C-3321-8603-67B76DF57410}"
	ProjectSection(ProjectDependencies) = postProject
		{5B4EE91F-E96C-30DE-B962-5BC51CE725D5} = {5B4EE91F-E96C-30DE-B962-5BC51CE725D5}
		{5ED00990-A93A-3DD0-8AB0-85189688AE7F} = {5ED00990-A93A-3DD0-8AB0-85189688AE7F}
	EndProjectSection
EndProject
Project("{8BC9CEB8-8B4A-11D0-8D11-00A0C91BC942}") = "title", "external\glfw-3.1.2\tests\title.vcxproj", "{997A7018-963A-305A-B513-2ACD184252CF}"
	ProjectSection(ProjectDependencies) = postProject
		{5B4EE91F-E96C-30DE-B962-5BC51CE725D5} = {5B4EE91F-E96C-30DE-B962-5BC51CE725D5}
		{5ED00990-A93A-3DD0-8AB0-85189688AE7F} = {5ED00990-A93A-3DD0-8AB0-85189688AE7F}
	EndProjectSection
EndProject
Project("{8BC9CEB8-8B4A-11D0-8D11-00A0C91BC942}") = "uninstall", "external\glfw-3.1.2\uninstall.vcxproj", "{5964D0E0-8725-3EF1-8F79-C82AB55CE291}"
	ProjectSection(ProjectDependencies) = postProject
		{5B4EE91F-E96C-30DE-B962-5BC51CE725D5} = {5B4EE91F-E96C-30DE-B962-5BC51CE725D5}
	EndProjectSection
EndProject
Project("{8BC9CEB8-8B4A-11D0-8D11-00A0C91BC942}") = "wave", "external\glfw-3.1.2\examples\wave.vcxproj", "{5970C29B-0CDF-3D4A-B8DD-431FC134BA26}"
	ProjectSection(ProjectDependencies) = postProject
		{5B4EE91F-E96C-30DE-B962-5BC51CE725D5} = {5B4EE91F-E96C-30DE-B962-5BC51CE725D5}
		{5ED00990-A93A-3DD0-8AB0-85189688AE7F} = {5ED00990-A93A-3DD0-8AB0-85189688AE7F}
	EndProjectSection
EndProject
Project("{8BC9CEB8-8B4A-11D0-8D11-00A0C91BC942}") = "windows", "external\glfw-3.1.2\tests\windows.vcxproj", "{7874A4FF-5954-3FCF-8C6A-2F27A7D975C2}"
	ProjectSection(ProjectDependencies) = postProject
		{5B4EE91F-E96C-30DE-B962-5BC51CE725D5} = {5B4EE91F-E96C-30DE-B962-5BC51CE725D5}
		{5ED00990-A93A-3DD0-8AB0-85189688AE7F} = {5ED00990-A93A-3DD0-8AB0-85189688AE7F}
	EndProjectSection
EndProject
Project("{8BC9CEB8-8B4A-11D0-8D11-00A0C91BC942}") = "zlib", "external\assimp-3.0.1270\contrib\zlib\zlib.vcxproj", "{D99AB0F4-CA8D-31F5-9F95-2520BDC7C7CF}"
	ProjectSection(ProjectDependencies) = postProject
		{5B4EE91F-E96C-30DE-B962-5BC51CE725D5} = {5B4EE91F-E96C-30DE-B962-5BC51CE725D5}
	EndProjectSection
EndProject
Global
	GlobalSection(SolutionConfigurationPlatforms) = preSolution
		Debug|Win32 = Debug|Win32
		Release|Win32 = Release|Win32
		MinSizeRel|Win32 = MinSizeRel|Win32
		RelWithDebInfo|Win32 = RelWithDebInfo|Win32
	EndGlobalSection
	GlobalSection(ProjectConfigurationPlatforms) = postSolution
		{AC3E15B4-8273-3B9F-A9D1-A52EAF43084C}.Debug|Win32.ActiveCfg = Debug|Win32
		{AC3E15B4-8273-3B9F-A9D1-A52EAF43084C}.Debug|Win32.Build.0 = Debug|Win32
		{AC3E15B4-8273-3B9F-A9D1-A52EAF43084C}.Release|Win32.ActiveCfg = Release|Win32
		{AC3E15B4-8273-3B9F-A9D1-A52EAF43084C}.Release|Win32.Build.0 = Release|Win32
		{AC3E15B4-8273-3B9F-A9D1-A52EAF43084C}.MinSizeRel|Win32.ActiveCfg = MinSizeRel|Win32
		{AC3E15B4-8273-3B9F-A9D1-A52EAF43084C}.MinSizeRel|Win32.Build.0 = MinSizeRel|Win32
		{AC3E15B4-8273-3B9F-A9D1-A52EAF43084C}.RelWithDebInfo|Win32.ActiveCfg = RelWithDebInfo|Win32
		{AC3E15B4-8273-3B9F-A9D1-A52EAF43084C}.RelWithDebInfo|Win32.Build.0 = RelWithDebInfo|Win32
		{FF2BFC20-0D4E-3080-A9A9-176629DFE6ED}.Debug|Win32.ActiveCfg = Debug|Win32
		{FF2BFC20-0D4E-3080-A9A9-176629DFE6ED}.Debug|Win32.Build.0 = Debug|Win32
		{FF2BFC20-0D4E-3080-A9A9-176629DFE6ED}.Release|Win32.ActiveCfg = Release|Win32
		{FF2BFC20-0D4E-3080-A9A9-176629DFE6ED}.Release|Win32.Build.0 = Release|Win32
		{FF2BFC20-0D4E-3080-A9A9-176629DFE6ED}.MinSizeRel|Win32.ActiveCfg = MinSizeRel|Win32
		{FF2BFC20-0D4E-3080-A9A9-176629DFE6ED}.MinSizeRel|Win32.Build.0 = MinSizeRel|Win32
		{FF2BFC20-0D4E-3080-A9A9-176629DFE6ED}.RelWithDebInfo|Win32.ActiveCfg = RelWithDebInfo|Win32
		{FF2BFC20-0D4E-3080-A9A9-176629DFE6ED}.RelWithDebInfo|Win32.Build.0 = RelWithDebInfo|Win32
		{903DD54B-7AAC-3A33-9D48-C95AEEFA0994}.Debug|Win32.ActiveCfg = Debug|Win32
		{903DD54B-7AAC-3A33-9D48-C95AEEFA0994}.Debug|Win32.Build.0 = Debug|Win32
		{903DD54B-7AAC-3A33-9D48-C95AEEFA0994}.Release|Win32.ActiveCfg = Release|Win32
		{903DD54B-7AAC-3A33-9D48-C95AEEFA0994}.Release|Win32.Build.0 = Release|Win32
		{903DD54B-7AAC-3A33-9D48-C95AEEFA0994}.MinSizeRel|Win32.ActiveCfg = MinSizeRel|Win32
		{903DD54B-7AAC-3A33-9D48-C95AEEFA0994}.MinSizeRel|Win32.Build.0 = MinSizeRel|Win32
		{903DD54B-7AAC-3A33-9D48-C95AEEFA0994}.RelWithDebInfo|Win32.ActiveCfg = RelWithDebInfo|Win32
		{903DD54B-7AAC-3A33-9D48-C95AEEFA0994}.RelWithDebInfo|Win32.Build.0 = RelWithDebInfo|Win32
		{FD6DB71B-1066-308A-A198-2DE1B78B9B3C}.Debug|Win32.ActiveCfg = Debug|Win32
		{FD6DB71B-1066-308A-A198-2DE1B78B9B3C}.Debug|Win32.Build.0 = Debug|Win32
		{FD6DB71B-1066-308A-A198-2DE1B78B9B3C}.Release|Win32.ActiveCfg = Release|Win32
		{FD6DB71B-1066-308A-A198-2DE1B78B9B3C}.Release|Win32.Build.0 = Release|Win32
		{FD6DB71B-1066-308A-A198-2DE1B78B9B3C}.MinSizeRel|Win32.ActiveCfg = MinSizeRel|Win32
		{FD6DB71B-1066-308A-A198-2DE1B78B9B3C}.MinSizeRel|Win32.Build.0 = MinSizeRel|Win32
		{FD6DB71B-1066-308A-A198-2DE1B78B9B3C}.RelWithDebInfo|Win32.ActiveCfg = RelWithDebInfo|Win32
		{FD6DB71B-1066-308A-A198-2DE1B78B9B3C}.RelWithDebInfo|Win32.Build.0 = RelWithDebInfo|Win32
		{76E4B076-6E2A-3A24-A584-61E256846E85}.Debug|Win32.ActiveCfg = Debug|Win32
		{76E4B076-6E2A-3A24-A584-61E256846E85}.Debug|Win32.Build.0 = Debug|Win32
		{76E4B076-6E2A-3A24-A584-61E256846E85}.Release|Win32.ActiveCfg = Release|Win32
		{76E4B076-6E2A-3A24-A584-61E256846E85}.Release|Win32.Build.0 = Release|Win32
		{76E4B076-6E2A-3A24-A584-61E256846E85}.MinSizeRel|Win32.ActiveCfg = MinSizeRel|Win32
		{76E4B076-6E2A-3A24-A584-61E256846E85}.MinSizeRel|Win32.Build.0 = MinSizeRel|Win32
		{76E4B076-6E2A-3A24-A584-61E256846E85}.RelWithDebInfo|Win32.ActiveCfg = RelWithDebInfo|Win32
		{76E4B076-6E2A-3A24-A584-61E256846E85}.RelWithDebInfo|Win32.Build.0 = RelWithDebInfo|Win32
		{E5E8CD3B-1ED3-3685-ACB2-24245C00D84F}.Debug|Win32.ActiveCfg = Debug|Win32
		{E5E8CD3B-1ED3-3685-ACB2-24245C00D84F}.Debug|Win32.Build.0 = Debug|Win32
		{E5E8CD3B-1ED3-3685-ACB2-24245C00D84F}.Release|Win32.ActiveCfg = Release|Win32
		{E5E8CD3B-1ED3-3685-ACB2-24245C00D84F}.Release|Win32.Build.0 = Release|Win32
		{E5E8CD3B-1ED3-3685-ACB2-24245C00D84F}.MinSizeRel|Win32.ActiveCfg = MinSizeRel|Win32
		{E5E8CD3B-1ED3-3685-ACB2-24245C00D84F}.MinSizeRel|Win32.Build.0 = MinSizeRel|Win32
		{E5E8CD3B-1ED3-3685-ACB2-24245C00D84F}.RelWithDebInfo|Win32.ActiveCfg = RelWithDebInfo|Win32
		{E5E8CD3B-1ED3-3685-ACB2-24245C00D84F}.RelWithDebInfo|Win32.Build.0 = RelWithDebInfo|Win32
		{4530E392-9350-3C96-B2AC-15CA9B098EA8}.Debug|Win32.ActiveCfg = Debug|Win32
		{4530E392-9350-3C96-B2AC-15CA9B098EA8}.Release|Win32.ActiveCfg = Release|Win32
		{4530E392-9350-3C96-B2AC-15CA9B098EA8}.MinSizeRel|Win32.ActiveCfg = MinSizeRel|Win32
		{4530E392-9350-3C96-B2AC-15CA9B098EA8}.RelWithDebInfo|Win32.ActiveCfg = RelWithDebInfo|Win32
		{B391A4EF-10B5-35DF-9322-D1C58DBC9162}.Debug|Win32.ActiveCfg = Debug|Win32
		{B391A4EF-10B5-35DF-9322-D1C58DBC9162}.Debug|Win32.Build.0 = Debug|Win32
		{B391A4EF-10B5-35DF-9322-D1C58DBC9162}.Release|Win32.ActiveCfg = Release|Win32
		{B391A4EF-10B5-35DF-9322-D1C58DBC9162}.Release|Win32.Build.0 = Release|Win32
		{B391A4EF-10B5-35DF-9322-D1C58DBC9162}.MinSizeRel|Win32.ActiveCfg = MinSizeRel|Win32
		{B391A4EF-10B5-35DF-9322-D1C58DBC9162}.MinSizeRel|Win32.Build.0 = MinSizeRel|Win32
		{B391A4EF-10B5-35DF-9322-D1C58DBC9162}.RelWithDebInfo|Win32.ActiveCfg = RelWithDebInfo|Win32
		{B391A4EF-10B5-35DF-9322-D1C58DBC9162}.RelWithDebInfo|Win32.Build.0 = RelWithDebInfo|Win32
		{5B4EE91F-E96C-30DE-B962-5BC51CE725D5}.Debug|Win32.ActiveCfg = Debug|Win32
		{5B4EE91F-E96C-30DE-B962-5BC51CE725D5}.Debug|Win32.Build.0 = Debug|Win32
		{5B4EE91F-E96C-30DE-B962-5BC51CE725D5}.Release|Win32.ActiveCfg = Release|Win32
		{5B4EE91F-E96C-30DE-B962-5BC51CE725D5}.Release|Win32.Build.0 = Release|Win32
		{5B4EE91F-E96C-30DE-B962-5BC51CE725D5}.MinSizeRel|Win32.ActiveCfg = MinSizeRel|Win32
		{5B4EE91F-E96C-30DE-B962-5BC51CE725D5}.MinSizeRel|Win32.Build.0 = MinSizeRel|Win32
		{5B4EE91F-E96C-30DE-B962-5BC51CE725D5}.RelWithDebInfo|Win32.ActiveCfg = RelWithDebInfo|Win32
		{5B4EE91F-E96C-30DE-B962-5BC51CE725D5}.RelWithDebInfo|Win32.Build.0 = RelWithDebInfo|Win32
		{5D23CE8C-BAB8-30A1-AA14-628BABB49713}.Debug|Win32.ActiveCfg = Debug|Win32
		{5D23CE8C-BAB8-30A1-AA14-628BABB49713}.Debug|Win32.Build.0 = Debug|Win32
		{5D23CE8C-BAB8-30A1-AA14-628BABB49713}.Release|Win32.ActiveCfg = Release|Win32
		{5D23CE8C-BAB8-30A1-AA14-628BABB49713}.Release|Win32.Build.0 = Release|Win32
		{5D23CE8C-BAB8-30A1-AA14-628BABB49713}.MinSizeRel|Win32.ActiveCfg = MinSizeRel|Win32
		{5D23CE8C-BAB8-30A1-AA14-628BABB49713}.MinSizeRel|Win32.Build.0 = MinSizeRel|Win32
		{5D23CE8C-BAB8-30A1-AA14-628BABB49713}.RelWithDebInfo|Win32.ActiveCfg = RelWithDebInfo|Win32
		{5D23CE8C-BAB8-30A1-AA14-628BABB49713}.RelWithDebInfo|Win32.Build.0 = RelWithDebInfo|Win32
		{B9511D96-6B6F-352A-9838-6D20A2F32E85}.Debug|Win32.ActiveCfg = Debug|Win32
		{B9511D96-6B6F-352A-9838-6D20A2F32E85}.Debug|Win32.Build.0 = Debug|Win32
		{B9511D96-6B6F-352A-9838-6D20A2F32E85}.Release|Win32.ActiveCfg = Release|Win32
		{B9511D96-6B6F-352A-9838-6D20A2F32E85}.Release|Win32.Build.0 = Release|Win32
		{B9511D96-6B6F-352A-9838-6D20A2F32E85}.MinSizeRel|Win32.ActiveCfg = MinSizeRel|Win32
		{B9511D96-6B6F-352A-9838-6D20A2F32E85}.MinSizeRel|Win32.Build.0 = MinSizeRel|Win32
		{B9511D96-6B6F-352A-9838-6D20A2F32E85}.RelWithDebInfo|Win32.ActiveCfg = RelWithDebInfo|Win32
		{B9511D96-6B6F-352A-9838-6D20A2F32E85}.RelWithDebInfo|Win32.Build.0 = RelWithDebInfo|Win32
		{F4EBB9D8-B0F0-3720-96A1-666194C40E7F}.Debug|Win32.ActiveCfg = Debug|Win32
		{F4EBB9D8-B0F0-3720-96A1-666194C40E7F}.Debug|Win32.Build.0 = Debug|Win32
		{F4EBB9D8-B0F0-3720-96A1-666194C40E7F}.Release|Win32.ActiveCfg = Release|Win32
		{F4EBB9D8-B0F0-3720-96A1-666194C40E7F}.Release|Win32.Build.0 = Release|Win32
		{F4EBB9D8-B0F0-3720-96A1-666194C40E7F}.MinSizeRel|Win32.ActiveCfg = MinSizeRel|Win32
		{F4EBB9D8-B0F0-3720-96A1-666194C40E7F}.MinSizeRel|Win32.Build.0 = MinSizeRel|Win32
		{F4EBB9D8-B0F0-3720-96A1-666194C40E7F}.RelWithDebInfo|Win32.ActiveCfg = RelWithDebInfo|Win32
		{F4EBB9D8-B0F0-3720-96A1-666194C40E7F}.RelWithDebInfo|Win32.Build.0 = RelWithDebInfo|Win32
		{FAFA565B-34F7-3092-BF59-374051047E10}.Debug|Win32.ActiveCfg = Debug|Win32
		{FAFA565B-34F7-3092-BF59-374051047E10}.Debug|Win32.Build.0 = Debug|Win32
		{FAFA565B-34F7-3092-BF59-374051047E10}.Release|Win32.ActiveCfg = Release|Win32
		{FAFA565B-34F7-3092-BF59-374051047E10}.Release|Win32.Build.0 = Release|Win32
		{FAFA565B-34F7-3092-BF59-374051047E10}.MinSizeRel|Win32.ActiveCfg = MinSizeRel|Win32
		{FAFA565B-34F7-3092-BF59-374051047E10}.MinSizeRel|Win32.Build.0 = MinSizeRel|Win32
		{FAFA565B-34F7-3092-BF59-374051047E10}.RelWithDebInfo|Win32.ActiveCfg = RelWithDebInfo|Win32
		{FAFA565B-34F7-3092-BF59-374051047E10}.RelWithDebInfo|Win32.Build.0 = RelWithDebInfo|Win32
		{9AF67E65-DEC7-3026-A56F-52BD7F0C2141}.Debug|Win32.ActiveCfg = Debug|Win32
		{9AF67E65-DEC7-3026-A56F-52BD7F0C2141}.Debug|Win32.Build.0 = Debug|Win32
		{9AF67E65-DEC7-3026-A56F-52BD7F0C2141}.Release|Win32.ActiveCfg = Release|Win32
		{9AF67E65-DEC7-3026-A56F-52BD7F0C2141}.Release|Win32.Build.0 = Release|Win32
		{9AF67E65-DEC7-3026-A56F-52BD7F0C2141}.MinSizeRel|Win32.ActiveCfg = MinSizeRel|Win32
		{9AF67E65-DEC7-3026-A56F-52BD7F0C2141}.MinSizeRel|Win32.Build.0 = MinSizeRel|Win32
		{9AF67E65-DEC7-3026-A56F-52BD7F0C2141}.RelWithDebInfo|Win32.ActiveCfg = RelWithDebInfo|Win32
		{9AF67E65-DEC7-3026-A56F-52BD7F0C2141}.RelWithDebInfo|Win32.Build.0 = RelWithDebInfo|Win32
		{22C69266-EB6D-38C0-990F-952A634F6F0D}.Debug|Win32.ActiveCfg = Debug|Win32
		{22C69266-EB6D-38C0-990F-952A634F6F0D}.Debug|Win32.Build.0 = Debug|Win32
		{22C69266-EB6D-38C0-990F-952A634F6F0D}.Release|Win32.ActiveCfg = Release|Win32
		{22C69266-EB6D-38C0-990F-952A634F6F0D}.Release|Win32.Build.0 = Release|Win32
		{22C69266-EB6D-38C0-990F-952A634F6F0D}.MinSizeRel|Win32.ActiveCfg = MinSizeRel|Win32
		{22C69266-EB6D-38C0-990F-952A634F6F0D}.MinSizeRel|Win32.Build.0 = MinSizeRel|Win32
		{22C69266-EB6D-38C0-990F-952A634F6F0D}.RelWithDebInfo|Win32.ActiveCfg = RelWithDebInfo|Win32
		{22C69266-EB6D-38C0-990F-952A634F6F0D}.RelWithDebInfo|Win32.Build.0 = RelWithDebInfo|Win32
		{AD574FF3-B496-394A-8149-422A974C4067}.Debug|Win32.ActiveCfg = Debug|Win32
		{AD574FF3-B496-394A-8149-422A974C4067}.Debug|Win32.Build.0 = Debug|Win32
		{AD574FF3-B496-394A-8149-422A974C4067}.Release|Win32.ActiveCfg = Release|Win32
		{AD574FF3-B496-394A-8149-422A974C4067}.Release|Win32.Build.0 = Release|Win32
		{AD574FF3-B496-394A-8149-422A974C4067}.MinSizeRel|Win32.ActiveCfg = MinSizeRel|Win32
		{AD574FF3-B496-394A-8149-422A974C4067}.MinSizeRel|Win32.Build.0 = MinSizeRel|Win32
		{AD574FF3-B496-394A-8149-422A974C4067}.RelWithDebInfo|Win32.ActiveCfg = RelWithDebInfo|Win32
		{AD574FF3-B496-394A-8149-422A974C4067}.RelWithDebInfo|Win32.Build.0 = RelWithDebInfo|Win32
		{1BF5682F-58F3-3701-9041-68CC68B7FAC4}.Debug|Win32.ActiveCfg = Debug|Win32
		{1BF5682F-58F3-3701-9041-68CC68B7FAC4}.Debug|Win32.Build.0 = Debug|Win32
		{1BF5682F-58F3-3701-9041-68CC68B7FAC4}.Release|Win32.ActiveCfg = Release|Win32
		{1BF5682F-58F3-3701-9041-68CC68B7FAC4}.Release|Win32.Build.0 = Release|Win32
		{1BF5682F-58F3-3701-9041-68CC68B7FAC4}.MinSizeRel|Win32.ActiveCfg = MinSizeRel|Win32
		{1BF5682F-58F3-3701-9041-68CC68B7FAC4}.MinSizeRel|Win32.Build.0 = MinSizeRel|Win32
		{1BF5682F-58F3-3701-9041-68CC68B7FAC4}.RelWithDebInfo|Win32.ActiveCfg = RelWithDebInfo|Win32
		{1BF5682F-58F3-3701-9041-68CC68B7FAC4}.RelWithDebInfo|Win32.Build.0 = RelWithDebInfo|Win32
		{5ED00990-A93A-3DD0-8AB0-85189688AE7F}.Debug|Win32.ActiveCfg = Debug|Win32
		{5ED00990-A93A-3DD0-8AB0-85189688AE7F}.Debug|Win32.Build.0 = Debug|Win32
		{5ED00990-A93A-3DD0-8AB0-85189688AE7F}.Release|Win32.ActiveCfg = Release|Win32
		{5ED00990-A93A-3DD0-8AB0-85189688AE7F}.Release|Win32.Build.0 = Release|Win32
		{5ED00990-A93A-3DD0-8AB0-85189688AE7F}.MinSizeRel|Win32.ActiveCfg = MinSizeRel|Win32
		{5ED00990-A93A-3DD0-8AB0-85189688AE7F}.MinSizeRel|Win32.Build.0 = MinSizeRel|Win32
		{5ED00990-A93A-3DD0-8AB0-85189688AE7F}.RelWithDebInfo|Win32.ActiveCfg = RelWithDebInfo|Win32
		{5ED00990-A93A-3DD0-8AB0-85189688AE7F}.RelWithDebInfo|Win32.Build.0 = RelWithDebInfo|Win32
		{7CB028CC-933F-3CA7-A606-4DAE829EEF8C}.Debug|Win32.ActiveCfg = Debug|Win32
		{7CB028CC-933F-3CA7-A606-4DAE829EEF8C}.Debug|Win32.Build.0 = Debug|Win32
		{7CB028CC-933F-3CA7-A606-4DAE829EEF8C}.Release|Win32.ActiveCfg = Release|Win32
		{7CB028CC-933F-3CA7-A606-4DAE829EEF8C}.Release|Win32.Build.0 = Release|Win32
		{7CB028CC-933F-3CA7-A606-4DAE829EEF8C}.MinSizeRel|Win32.ActiveCfg = MinSizeRel|Win32
		{7CB028CC-933F-3CA7-A606-4DAE829EEF8C}.MinSizeRel|Win32.Build.0 = MinSizeRel|Win32
		{7CB028CC-933F-3CA7-A606-4DAE829EEF8C}.RelWithDebInfo|Win32.ActiveCfg = RelWithDebInfo|Win32
		{7CB028CC-933F-3CA7-A606-4DAE829EEF8C}.RelWithDebInfo|Win32.Build.0 = RelWithDebInfo|Win32
		{FDEC92A3-7997-3F9F-9944-DFC7B766E4C6}.Debug|Win32.ActiveCfg = Debug|Win32
		{FDEC92A3-7997-3F9F-9944-DFC7B766E4C6}.Debug|Win32.Build.0 = Debug|Win32
		{FDEC92A3-7997-3F9F-9944-DFC7B766E4C6}.Release|Win32.ActiveCfg = Release|Win32
		{FDEC92A3-7997-3F9F-9944-DFC7B766E4C6}.Release|Win32.Build.0 = Release|Win32
		{FDEC92A3-7997-3F9F-9944-DFC7B766E4C6}.MinSizeRel|Win32.ActiveCfg = MinSizeRel|Win32
		{FDEC92A3-7997-3F9F-9944-DFC7B766E4C6}.MinSizeRel|Win32.Build.0 = MinSizeRel|Win32
		{FDEC92A3-7997-3F9F-9944-DFC7B766E4C6}.RelWithDebInfo|Win32.ActiveCfg = RelWithDebInfo|Win32
		{FDEC92A3-7997-3F9F-9944-DFC7B766E4C6}.RelWithDebInfo|Win32.Build.0 = RelWithDebInfo|Win32
		{D7194111-550E-3D0A-9836-15D45A955042}.Debug|Win32.ActiveCfg = Debug|Win32
		{D7194111-550E-3D0A-9836-15D45A955042}.Debug|Win32.Build.0 = Debug|Win32
		{D7194111-550E-3D0A-9836-15D45A955042}.Release|Win32.ActiveCfg = Release|Win32
		{D7194111-550E-3D0A-9836-15D45A955042}.Release|Win32.Build.0 = Release|Win32
		{D7194111-550E-3D0A-9836-15D45A955042}.MinSizeRel|Win32.ActiveCfg = MinSizeRel|Win32
		{D7194111-550E-3D0A-9836-15D45A955042}.MinSizeRel|Win32.Build.0 = MinSizeRel|Win32
		{D7194111-550E-3D0A-9836-15D45A955042}.RelWithDebInfo|Win32.ActiveCfg = RelWithDebInfo|Win32
		{D7194111-550E-3D0A-9836-15D45A955042}.RelWithDebInfo|Win32.Build.0 = RelWithDebInfo|Win32
		{FE7886F2-90D1-33FE-B1DC-E910F39FB9DF}.Debug|Win32.ActiveCfg = Debug|Win32
		{FE7886F2-90D1-33FE-B1DC-E910F39FB9DF}.Debug|Win32.Build.0 = Debug|Win32
		{FE7886F2-90D1-33FE-B1DC-E910F39FB9DF}.Release|Win32.ActiveCfg = Release|Win32
		{FE7886F2-90D1-33FE-B1DC-E910F39FB9DF}.Release|Win32.Build.0 = Release|Win32
		{FE7886F2-90D1-33FE-B1DC-E910F39FB9DF}.MinSizeRel|Win32.ActiveCfg = MinSizeRel|Win32
		{FE7886F2-90D1-33FE-B1DC-E910F39FB9DF}.MinSizeRel|Win32.Build.0 = MinSizeRel|Win32
		{FE7886F2-90D1-33FE-B1DC-E910F39FB9DF}.RelWithDebInfo|Win32.ActiveCfg = RelWithDebInfo|Win32
		{FE7886F2-90D1-33FE-B1DC-E910F39FB9DF}.RelWithDebInfo|Win32.Build.0 = RelWithDebInfo|Win32
		{81830EFA-9BF0-3D79-83CB-E0A24CEA0837}.Debug|Win32.ActiveCfg = Debug|Win32
		{81830EFA-9BF0-3D79-83CB-E0A24CEA0837}.Debug|Win32.Build.0 = Debug|Win32
		{81830EFA-9BF0-3D79-83CB-E0A24CEA0837}.Release|Win32.ActiveCfg = Release|Win32
		{81830EFA-9BF0-3D79-83CB-E0A24CEA0837}.Release|Win32.Build.0 = Release|Win32
		{81830EFA-9BF0-3D79-83CB-E0A24CEA0837}.MinSizeRel|Win32.ActiveCfg = MinSizeRel|Win32
		{81830EFA-9BF0-3D79-83CB-E0A24CEA0837}.MinSizeRel|Win32.Build.0 = MinSizeRel|Win32
		{81830EFA-9BF0-3D79-83CB-E0A24CEA0837}.RelWithDebInfo|Win32.ActiveCfg = RelWithDebInfo|Win32
		{81830EFA-9BF0-3D79-83CB-E0A24CEA0837}.RelWithDebInfo|Win32.Build.0 = RelWithDebInfo|Win32
		{A7B6E2A3-41FC-3581-B00B-F248CFC50CC0}.Debug|Win32.ActiveCfg = Debug|Win32
		{A7B6E2A3-41FC-3581-B00B-F248CFC50CC0}.Debug|Win32.Build.0 = Debug|Win32
		{A7B6E2A3-41FC-3581-B00B-F248CFC50CC0}.Release|Win32.ActiveCfg = Release|Win32
		{A7B6E2A3-41FC-3581-B00B-F248CFC50CC0}.Release|Win32.Build.0 = Release|Win32
		{A7B6E2A3-41FC-3581-B00B-F248CFC50CC0}.MinSizeRel|Win32.ActiveCfg = MinSizeRel|Win32
		{A7B6E2A3-41FC-3581-B00B-F248CFC50CC0}.MinSizeRel|Win32.Build.0 = MinSizeRel|Win32
		{A7B6E2A3-41FC-3581-B00B-F248CFC50CC0}.RelWithDebInfo|Win32.ActiveCfg = RelWithDebInfo|Win32
		{A7B6E2A3-41FC-3581-B00B-F248CFC50CC0}.RelWithDebInfo|Win32.Build.0 = RelWithDebInfo|Win32
		{F2409D1C-C5E1-3841-B36F-397295C37519}.Debug|Win32.ActiveCfg = Debug|Win32
		{F2409D1C-C5E1-3841-B36F-397295C37519}.Debug|Win32.Build.0 = Debug|Win32
		{F2409D1C-C5E1-3841-B36F-397295C37519}.Release|Win32.ActiveCfg = Release|Win32
		{F2409D1C-C5E1-3841-B36F-397295C37519}.Release|Win32.Build.0 = Release|Win32
		{F2409D1C-C5E1-3841-B36F-397295C37519}.MinSizeRel|Win32.ActiveCfg = MinSizeRel|Win32
		{F2409D1C-C5E1-3841-B36F-397295C37519}.MinSizeRel|Win32.Build.0 = MinSizeRel|Win32
		{F2409D1C-C5E1-3841-B36F-397295C37519}.RelWithDebInfo|Win32.ActiveCfg = RelWithDebInfo|Win32
		{F2409D1C-C5E1-3841-B36F-397295C37519}.RelWithDebInfo|Win32.Build.0 = RelWithDebInfo|Win32
		{FF169620-B3FF-34F5-A033-B49BCA851AF9}.Debug|Win32.ActiveCfg = Debug|Win32
		{FF169620-B3FF-34F5-A033-B49BCA851AF9}.Debug|Win32.Build.0 = Debug|Win32
		{FF169620-B3FF-34F5-A033-B49BCA851AF9}.Release|Win32.ActiveCfg = Release|Win32
		{FF169620-B3FF-34F5-A033-B49BCA851AF9}.Release|Win32.Build.0 = Release|Win32
		{FF169620-B3FF-34F5-A033-B49BCA851AF9}.MinSizeRel|Win32.ActiveCfg = MinSizeRel|Win32
		{FF169620-B3FF-34F5-A033-B49BCA851AF9}.MinSizeRel|Win32.Build.0 = MinSizeRel|Win32
		{FF169620-B3FF-34F5-A033-B49BCA851AF9}.RelWithDebInfo|Win32.ActiveCfg = RelWithDebInfo|Win32
		{FF169620-B3FF-34F5-A033-B49BCA851AF9}.RelWithDebInfo|Win32.Build.0 = RelWithDebInfo|Win32
		{654E05D0-C6F5-3475-9EBC-D1C2A9C0D675}.Debug|Win32.ActiveCfg = Debug|Win32
		{654E05D0-C6F5-3475-9EBC-D1C2A9C0D675}.Debug|Win32.Build.0 = Debug|Win32
		{654E05D0-C6F5-3475-9EBC-D1C2A9C0D675}.Release|Win32.ActiveCfg = Release|Win32
		{654E05D0-C6F5-3475-9EBC-D1C2A9C0D675}.Release|Win32.Build.0 = Release|Win32
		{654E05D0-C6F5-3475-9EBC-D1C2A9C0D675}.MinSizeRel|Win32.ActiveCfg = MinSizeRel|Win32
		{654E05D0-C6F5-3475-9EBC-D1C2A9C0D675}.MinSizeRel|Win32.Build.0 = MinSizeRel|Win32
		{654E05D0-C6F5-3475-9EBC-D1C2A9C0D675}.RelWithDebInfo|Win32.ActiveCfg = RelWithDebInfo|Win32
		{654E05D0-C6F5-3475-9EBC-D1C2A9C0D675}.RelWithDebInfo|Win32.Build.0 = RelWithDebInfo|Win32
		{7C803563-3389-3849-B3A1-64EA6793809F}.Debug|Win32.ActiveCfg = Debug|Win32
		{7C803563-3389-3849-B3A1-64EA6793809F}.Debug|Win32.Build.0 = Debug|Win32
		{7C803563-3389-3849-B3A1-64EA6793809F}.Release|Win32.ActiveCfg = Release|Win32
		{7C803563-3389-3849-B3A1-64EA6793809F}.Release|Win32.Build.0 = Release|Win32
		{7C803563-3389-3849-B3A1-64EA6793809F}.MinSizeRel|Win32.ActiveCfg = MinSizeRel|Win32
		{7C803563-3389-3849-B3A1-64EA6793809F}.MinSizeRel|Win32.Build.0 = MinSizeRel|Win32
		{7C803563-3389-3849-B3A1-64EA6793809F}.RelWithDebInfo|Win32.ActiveCfg = RelWithDebInfo|Win32
		{7C803563-3389-3849-B3A1-64EA6793809F}.RelWithDebInfo|Win32.Build.0 = RelWithDebInfo|Win32
		{9217CCD6-6BE8-3447-8CF1-605B535E1942}.Debug|Win32.ActiveCfg = Debug|Win32
		{9217CCD6-6BE8-3447-8CF1-605B535E1942}.Debug|Win32.Build.0 = Debug|Win32
		{9217CCD6-6BE8-3447-8CF1-605B535E1942}.Release|Win32.ActiveCfg = Release|Win32
		{9217CCD6-6BE8-3447-8CF1-605B535E1942}.Release|Win32.Build.0 = Release|Win32
		{9217CCD6-6BE8-3447-8CF1-605B535E1942}.MinSizeRel|Win32.ActiveCfg = MinSizeRel|Win32
		{9217CCD6-6BE8-3447-8CF1-605B535E1942}.MinSizeRel|Win32.Build.0 = MinSizeRel|Win32
		{9217CCD6-6BE8-3447-8CF1-605B535E1942}.RelWithDebInfo|Win32.ActiveCfg = RelWithDebInfo|Win32
		{9217CCD6-6BE8-3447-8CF1-605B535E1942}.RelWithDebInfo|Win32.Build.0 = RelWithDebInfo|Win32
		{D626E73E-9FF0-3BAC-AE35-7A4972599165}.Debug|Win32.ActiveCfg = Debug|Win32
		{D626E73E-9FF0-3BAC-AE35-7A4972599165}.Debug|Win32.Build.0 = Debug|Win32
		{D626E73E-9FF0-3BAC-AE35-7A4972599165}.Release|Win32.ActiveCfg = Release|Win32
		{D626E73E-9FF0-3BAC-AE35-7A4972599165}.Release|Win32.Build.0 = Release|Win32
		{D626E73E-9FF0-3BAC-AE35-7A4972599165}.MinSizeRel|Win32.ActiveCfg = MinSizeRel|Win32
		{D626E73E-9FF0-3BAC-AE35-7A4972599165}.MinSizeRel|Win32.Build.0 = MinSizeRel|Win32
		{D626E73E-9FF0-3BAC-AE35-7A4972599165}.RelWithDebInfo|Win32.ActiveCfg = RelWithDebInfo|Win32
		{D626E73E-9FF0-3BAC-AE35-7A4972599165}.RelWithDebInfo|Win32.Build.0 = RelWithDebInfo|Win32
		{0AF19ABC-8475-3187-B0E4-C5463F0A43D7}.Debug|Win32.ActiveCfg = Debug|Win32
		{0AF19ABC-8475-3187-B0E4-C5463F0A43D7}.Debug|Win32.Build.0 = Debug|Win32
		{0AF19ABC-8475-3187-B0E4-C5463F0A43D7}.Release|Win32.ActiveCfg = Release|Win32
		{0AF19ABC-8475-3187-B0E4-C5463F0A43D7}.Release|Win32.Build.0 = Release|Win32
		{0AF19ABC-8475-3187-B0E4-C5463F0A43D7}.MinSizeRel|Win32.ActiveCfg = MinSizeRel|Win32
		{0AF19ABC-8475-3187-B0E4-C5463F0A43D7}.MinSizeRel|Win32.Build.0 = MinSizeRel|Win32
		{0AF19ABC-8475-3187-B0E4-C5463F0A43D7}.RelWithDebInfo|Win32.ActiveCfg = RelWithDebInfo|Win32
		{0AF19ABC-8475-3187-B0E4-C5463F0A43D7}.RelWithDebInfo|Win32.Build.0 = RelWithDebInfo|Win32
		{646EB19F-B70C-3321-8603-67B76DF57410}.Debug|Win32.ActiveCfg = Debug|Win32
		{646EB19F-B70C-3321-8603-67B76DF57410}.Debug|Win32.Build.0 = Debug|Win32
		{646EB19F-B70C-3321-8603-67B76DF57410}.Release|Win32.ActiveCfg = Release|Win32
		{646EB19F-B70C-3321-8603-67B76DF57410}.Release|Win32.Build.0 = Release|Win32
		{646EB19F-B70C-3321-8603-67B76DF57410}.MinSizeRel|Win32.ActiveCfg = MinSizeRel|Win32
		{646EB19F-B70C-3321-8603-67B76DF57410}.MinSizeRel|Win32.Build.0 = MinSizeRel|Win32
		{646EB19F-B70C-3321-8603-67B76DF57410}.RelWithDebInfo|Win32.ActiveCfg = RelWithDebInfo|Win32
		{646EB19F-B70C-3321-8603-67B76DF57410}.RelWithDebInfo|Win32.Build.0 = RelWithDebInfo|Win32
		{997A7018-963A-305A-B513-2ACD184252CF}.Debug|Win32.ActiveCfg = Debug|Win32
		{997A7018-963A-305A-B513-2ACD184252CF}.Debug|Win32.Build.0 = Debug|Win32
		{997A7018-963A-305A-B513-2ACD184252CF}.Release|Win32.ActiveCfg = Release|Win32
		{997A7018-963A-305A-B513-2ACD184252CF}.Release|Win32.Build.0 = Release|Win32
		{997A7018-963A-305A-B513-2ACD184252CF}.MinSizeRel|Win32.ActiveCfg = MinSizeRel|Win32
		{997A7018-963A-305A-B513-2ACD184252CF}.MinSizeRel|Win32.Build.0 = MinSizeRel|Win32
		{997A7018-963A-305A-B513-2ACD184252CF}.RelWithDebInfo|Win32.ActiveCfg = RelWithDebInfo|Win32
		{997A7018-963A-305A-B513-2ACD184252CF}.RelWithDebInfo|Win32.Build.0 = RelWithDebInfo|Win32
		{5964D0E0-8725-3EF1-8F79-C82AB55CE291}.Debug|Win32.ActiveCfg = Debug|Win32
		{5964D0E0-8725-3EF1-8F79-C82AB55CE291}.Release|Win32.ActiveCfg = Release|Win32
		{5964D0E0-8725-3EF1-8F79-C82AB55CE291}.MinSizeRel|Win32.ActiveCfg = MinSizeRel|Win32
		{5964D0E0-8725-3EF1-8F79-C82AB55CE291}.RelWithDebInfo|Win32.ActiveCfg = RelWithDebInfo|Win32
		{5970C29B-0CDF-3D4A-B8DD-431FC134BA26}.Debug|Win32.ActiveCfg = Debug|Win32
		{5970C29B-0CDF-3D4A-B8DD-431FC134BA26}.Debug|Win32.Build.0 = Debug|Win32
		{5970C29B-0CDF-3D4A-B8DD-431FC134BA26}.Release|Win32.ActiveCfg = Release|Win32
		{5970C29B-0CDF-3D4A-B8DD-431FC134BA26}.Release|Win32.Build.0 = Release|Win32
		{5970C29B-0CDF-3D4A-B8DD-431FC134BA26}.MinSizeRel|Win32.ActiveCfg = MinSizeRel|Win32
		{5970C29B-0CDF-3D4A-B8DD-431FC134BA26}.MinSizeRel|Win32.Build.0 = MinSizeRel|Win32
		{5970C29B-0CDF-3D4A-B8DD-431FC134BA26}.RelWithDebInfo|Win32.ActiveCfg = RelWithDebInfo|Win32
		{5970C29B-0CDF-3D4A-B8DD-431FC134BA26}.RelWithDebInfo|Win32.Build.0 = RelWithDebInfo|Win32
		{7874A4FF-5954-3FCF-8C6A-2F27A7D975C2}.Debug|Win32.ActiveCfg = Debug|Win32
		{7874A4FF-5954-3FCF-8C6A-2F27A7D975C2}.Debug|Win32.Build.0 = Debug|Win32
		{7874A4FF-5954-3FCF-8C6A-2F27A7D975C2}.Release|Win32.ActiveCfg = Release|Win32
		{7874A4FF-5954-3FCF-8C6A-2F27A7D975C2}.Release|Win32.Build.0 = Release|Win32
		{7874A4FF-5954-3FCF-8C6A-2F27A7D975C2}.MinSizeRel|Win32.ActiveCfg = MinSizeRel|Win32
		{7874A4FF-5954-3FCF-8C6A-2F27A7D975C2}.MinSizeRel|Win32.Build.0 = MinSizeRel|Win32
		{7874A4FF-5954-3FCF-8C6A-2F27A7D975C2}.RelWithDebInfo|Win32.ActiveCfg = RelWithDebInfo|Win32
		{7874A4FF-5954-3FCF-8C6A-2F27A7D975C2}.RelWithDebInfo|Win32.Build.0 = RelWithDebInfo|Win32
		{D99AB0F4-CA8D-31F5-9F95-2520BDC7C7CF}.Debug|Win32.ActiveCfg = Debug|Win32
		{D99AB0F4-CA8D-31F5-9F95-2520BDC7C7CF}.Debug|Win32.Build.0 = Debug|Win32
		{D99AB0F4-CA8D-31F5-9F95-2520BDC7C7CF}.Release|Win32.ActiveCfg = Release|Win32
		{D99AB0F4-CA8D-31F5-9F95-2520BDC7C7CF}.Release|Win32.Build.0 = Release|Win32
		{D99AB0F4-CA8D-31F5-9F95-2520BDC7C7CF}.MinSizeRel|Win32.ActiveCfg = MinSizeRel|Win32
		{D99AB0F4-CA8D-31F5-9F95-2520BDC7C7CF}.MinSizeRel|Win32.Build.0 = MinSizeRel|Win32
		{D99AB0F4-CA8D-31F5-9F95-2520BDC7C7CF}.RelWithDebInfo|Win32.ActiveCfg = RelWithDebInfo|Win32
		{D99AB0F4-CA8D-31F5-9F95-2520BDC7C7CF}.RelWithDebInfo|Win32.Build.0 = RelWithDebInfo|Win32
	EndGlobalSection
	GlobalSection(NestedProjects) = preSolution
		{AC3E15B4-8273-3B9F-A9D1-A52EAF43084C} = {EF8400AE-76FE-3415-BAA1-74F44D269D89}
		{4530E392-9350-3C96-B2AC-15CA9B098EA8} = {EF8400AE-76FE-3415-BAA1-74F44D269D89}
		{5B4EE91F-E96C-30DE-B962-5BC51CE725D5} = {EF8400AE-76FE-3415-BAA1-74F44D269D89}
		{B93DBFD6-2C09-31A7-9F96-79D23F321DD4} = {951820F9-A7CE-3D79-8D91-82957353726E}
		{28DB3E94-B619-3A99-A206-0432540EA5C6} = {951820F9-A7CE-3D79-8D91-82957353726E}
		{5ED00990-A93A-3DD0-8AB0-85189688AE7F} = {951820F9-A7CE-3D79-8D91-82957353726E}
		{B9511D96-6B6F-352A-9838-6D20A2F32E85} = {B93DBFD6-2C09-31A7-9F96-79D23F321DD4}
		{1BF5682F-58F3-3701-9041-68CC68B7FAC4} = {B93DBFD6-2C09-31A7-9F96-79D23F321DD4}
		{FDEC92A3-7997-3F9F-9944-DFC7B766E4C6} = {B93DBFD6-2C09-31A7-9F96-79D23F321DD4}
		{F2409D1C-C5E1-3841-B36F-397295C37519} = {B93DBFD6-2C09-31A7-9F96-79D23F321DD4}
		{7C803563-3389-3849-B3A1-64EA6793809F} = {B93DBFD6-2C09-31A7-9F96-79D23F321DD4}
		{D626E73E-9FF0-3BAC-AE35-7A4972599165} = {B93DBFD6-2C09-31A7-9F96-79D23F321DD4}
		{5970C29B-0CDF-3D4A-B8DD-431FC134BA26} = {B93DBFD6-2C09-31A7-9F96-79D23F321DD4}
		{F4EBB9D8-B0F0-3720-96A1-666194C40E7F} = {28DB3E94-B619-3A99-A206-0432540EA5C6}
		{FAFA565B-34F7-3092-BF59-374051047E10} = {28DB3E94-B619-3A99-A206-0432540EA5C6}
		{9AF67E65-DEC7-3026-A56F-52BD7F0C2141} = {28DB3E94-B619-3A99-A206-0432540EA5C6}
		{22C69266-EB6D-38C0-990F-952A634F6F0D} = {28DB3E94-B619-3A99-A206-0432540EA5C6}
		{AD574FF3-B496-394A-8149-422A974C4067} = {28DB3E94-B619-3A99-A206-0432540EA5C6}
		{7CB028CC-933F-3CA7-A606-4DAE829EEF8C} = {28DB3E94-B619-3A99-A206-0432540EA5C6}
		{D7194111-550E-3D0A-9836-15D45A955042} = {28DB3E94-B619-3A99-A206-0432540EA5C6}
		{FE7886F2-90D1-33FE-B1DC-E910F39FB9DF} = {28DB3E94-B619-3A99-A206-0432540EA5C6}
		{81830EFA-9BF0-3D79-83CB-E0A24CEA0837} = {28DB3E94-B619-3A99-A206-0432540EA5C6}
		{A7B6E2A3-41FC-3581-B00B-F248CFC50CC0} = {28DB3E94-B619-3A99-A206-0432540EA5C6}
		{FF169620-B3FF-34F5-A033-B49BCA851AF9} = {28DB3E94-B619-3A99-A206-0432540EA5C6}
		{654E05D0-C6F5-3475-9EBC-D1C2A9C0D675} = {28DB3E94-B619-3A99-A206-0432540EA5C6}
		{0AF19ABC-8475-3187-B0E4-C5463F0A43D7} = {28DB3E94-B619-3A99-A206-0432540EA5C6}
		{646EB19F-B70C-3321-8603-67B76DF57410} = {28DB3E94-B619-3A99-A206-0432540EA5C6}
		{997A7018-963A-305A-B513-2ACD184252CF} = {28DB3E94-B619-3A99-A206-0432540EA5C6}
		{7874A4FF-5954-3FCF-8C6A-2F27A7D975C2} = {28DB3E94-B619-3A99-A206-0432540EA5C6}
	EndGlobalSection
	GlobalSection(ExtensibilityGlobals) = postSolution
		SolutionGuid = {ADBC2C6F-35A8-35E5-A2CC-B3AF0BAA804D}
	EndGlobalSection
	GlobalSection(ExtensibilityAddIns) = postSolution
	EndGlobalSection
EndGlobal
